// !$*UTF8*$!
{
	archiveVersion = 1;
	classes = {
	};
	objectVersion = 55;
	objects = {

/* Begin PBXBuildFile section */
		1A8B59F62B72304F00ED46B1 /* ApplicationInfoSection.swift in Sources */ = {isa = PBXBuildFile; fileRef = 1A8B59F52B72304F00ED46B1 /* ApplicationInfoSection.swift */; };
		1A8B59F92B72843800ED46B1 /* ApplicationInfo.swift in Sources */ = {isa = PBXBuildFile; fileRef = 1A8B59F82B72843800ED46B1 /* ApplicationInfo.swift */; };
		1A8C31102BFF20DA0000BFA6 /* SampleUser.swift in Sources */ = {isa = PBXBuildFile; fileRef = 1A8C310F2BFF20DA0000BFA6 /* SampleUser.swift */; };
		E514687829C9CC41005E057D /* String+Localization.swift in Sources */ = {isa = PBXBuildFile; fileRef = E514687729C9CC41005E057D /* String+Localization.swift */; };
		E51FD36D29D570EB000897D9 /* CoffeeBrewerActivityAttributes.swift in Sources */ = {isa = PBXBuildFile; fileRef = E51FD36C29D570EB000897D9 /* CoffeeBrewerActivityAttributes.swift */; };
		E51FD36F29D57104000897D9 /* LiveActivitiesController.swift in Sources */ = {isa = PBXBuildFile; fileRef = E51FD36E29D57104000897D9 /* LiveActivitiesController.swift */; };
		E51FD37529D577D0000897D9 /* CoffeeBrewerLiveActivity.swift in Sources */ = {isa = PBXBuildFile; fileRef = E51FD37429D577D0000897D9 /* CoffeeBrewerLiveActivity.swift */; };
		E51FD37829D5794D000897D9 /* CoffeeBrewerLockScreenView.swift in Sources */ = {isa = PBXBuildFile; fileRef = E51FD37729D5794D000897D9 /* CoffeeBrewerLockScreenView.swift */; };
		E51FD37A29D5795F000897D9 /* CoffeeBrewerStatusTrackerView.swift in Sources */ = {isa = PBXBuildFile; fileRef = E51FD37929D5795F000897D9 /* CoffeeBrewerStatusTrackerView.swift */; };
		E51FD37C29D5797F000897D9 /* CoffeeBrewerHeadlineView.swift in Sources */ = {isa = PBXBuildFile; fileRef = E51FD37B29D5797F000897D9 /* CoffeeBrewerHeadlineView.swift */; };
		E51FD37F29D57A47000897D9 /* CoffeeBrewer+Utilities.swift in Sources */ = {isa = PBXBuildFile; fileRef = E51FD37E29D57A47000897D9 /* CoffeeBrewer+Utilities.swift */; };
		E51FD38029D57CD2000897D9 /* CoffeeBrewerActivityAttributes.swift in Sources */ = {isa = PBXBuildFile; fileRef = E51FD36C29D570EB000897D9 /* CoffeeBrewerActivityAttributes.swift */; };
		E51FD38329D57ECB000897D9 /* Localizable.stringsdict in Resources */ = {isa = PBXBuildFile; fileRef = E51FD38129D57ECA000897D9 /* Localizable.stringsdict */; };
		E51FD38429D57ECB000897D9 /* Localizable.strings in Resources */ = {isa = PBXBuildFile; fileRef = E51FD38229D57ECB000897D9 /* Localizable.strings */; };
		E51FD38629D5825F000897D9 /* LiveActivitiesSection.swift in Sources */ = {isa = PBXBuildFile; fileRef = E51FD38529D5825F000897D9 /* LiveActivitiesSection.swift */; };
		E51FD38C29D6F2D2000897D9 /* Localizable.strings in Resources */ = {isa = PBXBuildFile; fileRef = E51FD38A29D6F2D2000897D9 /* Localizable.strings */; };
		E534D10E2B03810800A6EF62 /* ListIconView.swift in Sources */ = {isa = PBXBuildFile; fileRef = E534D10D2B03810800A6EF62 /* ListIconView.swift */; };
		E5590DF629C21F59006E593B /* TagsView.swift in Sources */ = {isa = PBXBuildFile; fileRef = E5590DF529C21F59006E593B /* TagsView.swift */; };
		E5590DF829C2273A006E593B /* TagsViewModel.swift in Sources */ = {isa = PBXBuildFile; fileRef = E5590DF729C2273A006E593B /* TagsViewModel.swift */; };
		E5590DFE29C2310F006E593B /* SelectableChipView.swift in Sources */ = {isa = PBXBuildFile; fileRef = E5590DFD29C2310F006E593B /* SelectableChipView.swift */; };
		E5590E0129C321DE006E593B /* InboxView.swift in Sources */ = {isa = PBXBuildFile; fileRef = E5590E0029C321DE006E593B /* InboxView.swift */; };
		E5590E0329C32415006E593B /* InboxViewModel.swift in Sources */ = {isa = PBXBuildFile; fileRef = E5590E0229C32415006E593B /* InboxViewModel.swift */; };
		E5590E0629C33389006E593B /* Date+Utilities.swift in Sources */ = {isa = PBXBuildFile; fileRef = E5590E0529C33389006E593B /* Date+Utilities.swift */; };
		E5590E0829C334C7006E593B /* InboxItemView.swift in Sources */ = {isa = PBXBuildFile; fileRef = E5590E0729C334C7006E593B /* InboxItemView.swift */; };
		E5590E0A29C33540006E593B /* AsyncImageCompat.swift in Sources */ = {isa = PBXBuildFile; fileRef = E5590E0929C33540006E593B /* AsyncImageCompat.swift */; };
		E5590E0C29C33586006E593B /* AsyncImageCompat+ImageLoader.swift in Sources */ = {isa = PBXBuildFile; fileRef = E5590E0B29C33586006E593B /* AsyncImageCompat+ImageLoader.swift */; };
		E5590E0E29C335BA006E593B /* AsyncImageCompat+ImageCache.swift in Sources */ = {isa = PBXBuildFile; fileRef = E5590E0D29C335BA006E593B /* AsyncImageCompat+ImageCache.swift */; };
		E5590E1229C3428F006E593B /* UIApplication+Notifications.swift in Sources */ = {isa = PBXBuildFile; fileRef = E5590E1129C3428F006E593B /* UIApplication+Notifications.swift */; };
		E5590E1429C359B9006E593B /* Notification.Name+Custom.swift in Sources */ = {isa = PBXBuildFile; fileRef = E5590E1329C359B9006E593B /* Notification.Name+Custom.swift */; };
		E5590E1729C35EA9006E593B /* BeaconsView.swift in Sources */ = {isa = PBXBuildFile; fileRef = E5590E1629C35EA9006E593B /* BeaconsView.swift */; };
		E5590E1929C35EC3006E593B /* BeaconsViewModel.swift in Sources */ = {isa = PBXBuildFile; fileRef = E5590E1829C35EC3006E593B /* BeaconsViewModel.swift */; };
		E5590E1B29C35F96006E593B /* BeaconRow.swift in Sources */ = {isa = PBXBuildFile; fileRef = E5590E1A29C35F96006E593B /* BeaconRow.swift */; };
		E5590E1E29C363AD006E593B /* ScannablesView.swift in Sources */ = {isa = PBXBuildFile; fileRef = E5590E1D29C363AD006E593B /* ScannablesView.swift */; };
		E5590E2C29C387C7006E593B /* AssetsView.swift in Sources */ = {isa = PBXBuildFile; fileRef = E5590E2B29C387C7006E593B /* AssetsView.swift */; };
		E5590E2E29C387D4006E593B /* AssetsViewModel.swift in Sources */ = {isa = PBXBuildFile; fileRef = E5590E2D29C387D4006E593B /* AssetsViewModel.swift */; };
		E5590E3029C46AD7006E593B /* AssetItemView.swift in Sources */ = {isa = PBXBuildFile; fileRef = E5590E2F29C46AD7006E593B /* AssetItemView.swift */; };
		E5590E3329C47524006E593B /* EventsView.swift in Sources */ = {isa = PBXBuildFile; fileRef = E5590E3229C47524006E593B /* EventsView.swift */; };
		E5590E3529C4760E006E593B /* EventsViewModel.swift in Sources */ = {isa = PBXBuildFile; fileRef = E5590E3429C4760E006E593B /* EventsViewModel.swift */; };
		E5590E3929C6692A006E593B /* AssetDetailsView.swift in Sources */ = {isa = PBXBuildFile; fileRef = E5590E3829C6692A006E593B /* AssetDetailsView.swift */; };
		E59CFC0D29CB6CC70024057A /* BadgeView.swift in Sources */ = {isa = PBXBuildFile; fileRef = E59CFC0C29CB6CC70024057A /* BadgeView.swift */; };
		E59CFC0F29CB6D330024057A /* DetermineSize.swift in Sources */ = {isa = PBXBuildFile; fileRef = E59CFC0E29CB6D330024057A /* DetermineSize.swift */; };
		E5B26DA029C076F300B47C6D /* DeviceRegistrationSection.swift in Sources */ = {isa = PBXBuildFile; fileRef = E5B26D9F29C076F300B47C6D /* DeviceRegistrationSection.swift */; };
		E5B26DA229C07BCE00B47C6D /* OtherFeaturesSection.swift in Sources */ = {isa = PBXBuildFile; fileRef = E5B26DA129C07BCE00B47C6D /* OtherFeaturesSection.swift */; };
		E5C78EF729BB5015006BF1F6 /* Main.swift in Sources */ = {isa = PBXBuildFile; fileRef = E5C78EF629BB5015006BF1F6 /* Main.swift */; };
		E5C78EF929BB57D7006BF1F6 /* HomeView.swift in Sources */ = {isa = PBXBuildFile; fileRef = E5C78EF829BB57D7006BF1F6 /* HomeView.swift */; };
		E5C78EFC29BB6DC5006BF1F6 /* LaunchFlowSection.swift in Sources */ = {isa = PBXBuildFile; fileRef = E5C78EFB29BB6DC5006BF1F6 /* LaunchFlowSection.swift */; };
		E5C78F0229BB8905006BF1F6 /* LaunchScreen.storyboard in Resources */ = {isa = PBXBuildFile; fileRef = E5C78EFF29BB8904006BF1F6 /* LaunchScreen.storyboard */; };
		E5C78F0529BB9A37006BF1F6 /* HomeViewModel.swift in Sources */ = {isa = PBXBuildFile; fileRef = E5C78F0429BB9A37006BF1F6 /* HomeViewModel.swift */; };
		E5C78F0929BBA15B006BF1F6 /* Logger.swift in Sources */ = {isa = PBXBuildFile; fileRef = E5C78F0829BBA15B006BF1F6 /* Logger.swift */; };
		E5C78F0B29BE3DE8006BF1F6 /* NotificationsSection.swift in Sources */ = {isa = PBXBuildFile; fileRef = E5C78F0A29BE3DE8006BF1F6 /* NotificationsSection.swift */; };
		E5C78F0D29BF4970006BF1F6 /* DoNotDisturbSection.swift in Sources */ = {isa = PBXBuildFile; fileRef = E5C78F0C29BF4970006BF1F6 /* DoNotDisturbSection.swift */; };
		E5C78F0F29BF6D4E006BF1F6 /* LocationSection.swift in Sources */ = {isa = PBXBuildFile; fileRef = E5C78F0E29BF6D4E006BF1F6 /* LocationSection.swift */; };
		E5C78F1129BF6FF8006BF1F6 /* InAppMessagingSection.swift in Sources */ = {isa = PBXBuildFile; fileRef = E5C78F1029BF6FF8006BF1F6 /* InAppMessagingSection.swift */; };
		F206D6E928A5366300A35E60 /* NotificareInAppMessagingKit.framework in Frameworks */ = {isa = PBXBuildFile; fileRef = F206D6E828A5366300A35E60 /* NotificareInAppMessagingKit.framework */; };
		F206D6EA28A5366300A35E60 /* NotificareInAppMessagingKit.framework in Embed Frameworks */ = {isa = PBXBuildFile; fileRef = F206D6E828A5366300A35E60 /* NotificareInAppMessagingKit.framework */; settings = {ATTRIBUTES = (CodeSignOnCopy, RemoveHeadersOnCopy, ); }; };
		F20C9C3A27AD33DB00486217 /* NotificareNotificationServiceExtensionKit.framework in Frameworks */ = {isa = PBXBuildFile; fileRef = F20C9C3927AD33DB00486217 /* NotificareNotificationServiceExtensionKit.framework */; };
		F20C9C3B27AD33DB00486217 /* NotificareNotificationServiceExtensionKit.framework in Embed Frameworks */ = {isa = PBXBuildFile; fileRef = F20C9C3927AD33DB00486217 /* NotificareNotificationServiceExtensionKit.framework */; settings = {ATTRIBUTES = (CodeSignOnCopy, RemoveHeadersOnCopy, ); }; };
		F216F0B326A8265500F9EF56 /* NotificareLoyaltyKit.framework in Frameworks */ = {isa = PBXBuildFile; fileRef = F216F0B226A8265500F9EF56 /* NotificareLoyaltyKit.framework */; };
		F216F0B426A8265500F9EF56 /* NotificareLoyaltyKit.framework in Embed Frameworks */ = {isa = PBXBuildFile; fileRef = F216F0B226A8265500F9EF56 /* NotificareLoyaltyKit.framework */; settings = {ATTRIBUTES = (CodeSignOnCopy, RemoveHeadersOnCopy, ); }; };
		F22650C6258B6E890004F833 /* NotificareKit.framework in Frameworks */ = {isa = PBXBuildFile; fileRef = F22650C5258B6E890004F833 /* NotificareKit.framework */; };
		F22650C7258B6E890004F833 /* NotificareKit.framework in Embed Frameworks */ = {isa = PBXBuildFile; fileRef = F22650C5258B6E890004F833 /* NotificareKit.framework */; settings = {ATTRIBUTES = (CodeSignOnCopy, RemoveHeadersOnCopy, ); }; };
		F22650CA258B6E900004F833 /* NotificarePushKit.framework in Frameworks */ = {isa = PBXBuildFile; fileRef = F22650C9258B6E900004F833 /* NotificarePushKit.framework */; };
		F22650CB258B6E900004F833 /* NotificarePushKit.framework in Embed Frameworks */ = {isa = PBXBuildFile; fileRef = F22650C9258B6E900004F833 /* NotificarePushKit.framework */; settings = {ATTRIBUTES = (CodeSignOnCopy, RemoveHeadersOnCopy, ); }; };
		F267DA4A273E7CA900448A8F /* NotificareOptions.plist in Resources */ = {isa = PBXBuildFile; fileRef = F267DA49273E7CA900448A8F /* NotificareOptions.plist */; };
		F2696AAC26C2843F002EA653 /* NotificareGeoKit.framework in Frameworks */ = {isa = PBXBuildFile; fileRef = F2696AAB26C2843F002EA653 /* NotificareGeoKit.framework */; };
		F2696AAD26C2843F002EA653 /* NotificareGeoKit.framework in Embed Frameworks */ = {isa = PBXBuildFile; fileRef = F2696AAB26C2843F002EA653 /* NotificareGeoKit.framework */; settings = {ATTRIBUTES = (CodeSignOnCopy, RemoveHeadersOnCopy, ); }; };
		F27C2FCB2B04DA3F005564F4 /* BannerView.swift in Sources */ = {isa = PBXBuildFile; fileRef = F27C2FCA2B04DA3F005564F4 /* BannerView.swift */; };
		F27C2FD22B0518A5005564F4 /* BannerModifier.swift in Sources */ = {isa = PBXBuildFile; fileRef = F27C2FD12B0518A5005564F4 /* BannerModifier.swift */; };
		F27C2FD42B051DA0005564F4 /* Identifiables.swift in Sources */ = {isa = PBXBuildFile; fileRef = F27C2FD32B051DA0005564F4 /* Identifiables.swift */; };
		F289F56525B85EC20091AB97 /* NotificareInboxKit.framework in Frameworks */ = {isa = PBXBuildFile; fileRef = F289F56425B85EC20091AB97 /* NotificareInboxKit.framework */; };
		F289F56625B85EC20091AB97 /* NotificareInboxKit.framework in Embed Frameworks */ = {isa = PBXBuildFile; fileRef = F289F56425B85EC20091AB97 /* NotificareInboxKit.framework */; settings = {ATTRIBUTES = (CodeSignOnCopy, RemoveHeadersOnCopy, ); }; };
		F29B17FC25A4911C007ED6F9 /* NotificarePushUIKit.framework in Frameworks */ = {isa = PBXBuildFile; fileRef = F29B17FB25A4911C007ED6F9 /* NotificarePushUIKit.framework */; };
		F29B17FD25A4911C007ED6F9 /* NotificarePushUIKit.framework in Embed Frameworks */ = {isa = PBXBuildFile; fileRef = F29B17FB25A4911C007ED6F9 /* NotificarePushUIKit.framework */; settings = {ATTRIBUTES = (CodeSignOnCopy, RemoveHeadersOnCopy, ); }; };
		F29FD1F824CB1FE1004B166D /* AppDelegate.swift in Sources */ = {isa = PBXBuildFile; fileRef = F29FD1F724CB1FE1004B166D /* AppDelegate.swift */; };
		F29FD20124CB1FE3004B166D /* Assets.xcassets in Resources */ = {isa = PBXBuildFile; fileRef = F29FD20024CB1FE3004B166D /* Assets.xcassets */; };
		F2ABF34A269CA32500401D3F /* NotificareAssetsKit.framework in Frameworks */ = {isa = PBXBuildFile; fileRef = F2ABF349269CA32500401D3F /* NotificareAssetsKit.framework */; };
		F2ABF34B269CA32500401D3F /* NotificareAssetsKit.framework in Embed Frameworks */ = {isa = PBXBuildFile; fileRef = F2ABF349269CA32500401D3F /* NotificareAssetsKit.framework */; settings = {ATTRIBUTES = (CodeSignOnCopy, RemoveHeadersOnCopy, ); }; };
		F2E801D6269D93C300582DB8 /* NotificareScannablesKit.framework in Frameworks */ = {isa = PBXBuildFile; fileRef = F2E801D5269D93C300582DB8 /* NotificareScannablesKit.framework */; };
		F2E801D7269D93C300582DB8 /* NotificareScannablesKit.framework in Embed Frameworks */ = {isa = PBXBuildFile; fileRef = F2E801D5269D93C300582DB8 /* NotificareScannablesKit.framework */; settings = {ATTRIBUTES = (CodeSignOnCopy, RemoveHeadersOnCopy, ); }; };
		F2EA0723291E9C63009DB7A0 /* NotificareUserInboxKit.framework in Frameworks */ = {isa = PBXBuildFile; fileRef = F2EA0722291E9C63009DB7A0 /* NotificareUserInboxKit.framework */; };
		F2EA0724291E9C63009DB7A0 /* NotificareUserInboxKit.framework in Embed Frameworks */ = {isa = PBXBuildFile; fileRef = F2EA0722291E9C63009DB7A0 /* NotificareUserInboxKit.framework */; settings = {ATTRIBUTES = (CodeSignOnCopy, RemoveHeadersOnCopy, ); }; };
		F2EB434429350B3600AFDBD3 /* WidgetKit.framework in Frameworks */ = {isa = PBXBuildFile; fileRef = F2EB43242935044D00AFDBD3 /* WidgetKit.framework */; };
		F2EB434529350B3600AFDBD3 /* SwiftUI.framework in Frameworks */ = {isa = PBXBuildFile; fileRef = F2EB43262935044D00AFDBD3 /* SwiftUI.framework */; };
		F2EB434829350B3600AFDBD3 /* WidgetExtensionBundle.swift in Sources */ = {isa = PBXBuildFile; fileRef = F2EB434729350B3600AFDBD3 /* WidgetExtensionBundle.swift */; };
		F2EB434E29350B3700AFDBD3 /* Assets.xcassets in Resources */ = {isa = PBXBuildFile; fileRef = F2EB434D29350B3700AFDBD3 /* Assets.xcassets */; };
		F2EB435229350B3700AFDBD3 /* WidgetExtension.appex in Embed Foundation Extensions */ = {isa = PBXBuildFile; fileRef = F2EB434329350B3600AFDBD3 /* WidgetExtension.appex */; settings = {ATTRIBUTES = (RemoveHeadersOnCopy, ); }; };
		F2F41D7825CD651D0010260B /* NotificationService.swift in Sources */ = {isa = PBXBuildFile; fileRef = F2F41D7725CD651D0010260B /* NotificationService.swift */; };
		F2F41D7C25CD651D0010260B /* NotificationService.appex in Embed Foundation Extensions */ = {isa = PBXBuildFile; fileRef = F2F41D7525CD651D0010260B /* NotificationService.appex */; settings = {ATTRIBUTES = (RemoveHeadersOnCopy, ); }; };
		F2FB40DC27BE891700CD9792 /* NotificareNotificationServiceExtensionKit.framework in Frameworks */ = {isa = PBXBuildFile; fileRef = F28B88C5278F38E800549CA3 /* NotificareNotificationServiceExtensionKit.framework */; };
/* End PBXBuildFile section */

/* Begin PBXContainerItemProxy section */
		F2EB435029350B3700AFDBD3 /* PBXContainerItemProxy */ = {
			isa = PBXContainerItemProxy;
			containerPortal = F29FD1EC24CB1FE1004B166D /* Project object */;
			proxyType = 1;
			remoteGlobalIDString = F2EB434229350B3600AFDBD3;
			remoteInfo = WidgetExtensionExtension;
		};
		F2F41D7A25CD651D0010260B /* PBXContainerItemProxy */ = {
			isa = PBXContainerItemProxy;
			containerPortal = F29FD1EC24CB1FE1004B166D /* Project object */;
			proxyType = 1;
			remoteGlobalIDString = F2F41D7425CD651D0010260B;
			remoteInfo = NotificationService;
		};
/* End PBXContainerItemProxy section */

/* Begin PBXCopyFilesBuildPhase section */
		F22650C8258B6E890004F833 /* Embed Frameworks */ = {
			isa = PBXCopyFilesBuildPhase;
			buildActionMask = 2147483647;
			dstPath = "";
			dstSubfolderSpec = 10;
			files = (
				F29B17FD25A4911C007ED6F9 /* NotificarePushUIKit.framework in Embed Frameworks */,
				F22650C7258B6E890004F833 /* NotificareKit.framework in Embed Frameworks */,
				F289F56625B85EC20091AB97 /* NotificareInboxKit.framework in Embed Frameworks */,
				F2696AAD26C2843F002EA653 /* NotificareGeoKit.framework in Embed Frameworks */,
				F216F0B426A8265500F9EF56 /* NotificareLoyaltyKit.framework in Embed Frameworks */,
				F2ABF34B269CA32500401D3F /* NotificareAssetsKit.framework in Embed Frameworks */,
				F20C9C3B27AD33DB00486217 /* NotificareNotificationServiceExtensionKit.framework in Embed Frameworks */,
				F2EA0724291E9C63009DB7A0 /* NotificareUserInboxKit.framework in Embed Frameworks */,
				F22650CB258B6E900004F833 /* NotificarePushKit.framework in Embed Frameworks */,
				F2E801D7269D93C300582DB8 /* NotificareScannablesKit.framework in Embed Frameworks */,
				F206D6EA28A5366300A35E60 /* NotificareInAppMessagingKit.framework in Embed Frameworks */,
			);
			name = "Embed Frameworks";
			runOnlyForDeploymentPostprocessing = 0;
		};
		F29ECB712A0546A1001961B0 /* Embed Frameworks */ = {
			isa = PBXCopyFilesBuildPhase;
			buildActionMask = 2147483647;
			dstPath = "";
			dstSubfolderSpec = 10;
			files = (
			);
			name = "Embed Frameworks";
			runOnlyForDeploymentPostprocessing = 0;
		};
		F2F41D8025CD651D0010260B /* Embed Foundation Extensions */ = {
			isa = PBXCopyFilesBuildPhase;
			buildActionMask = 2147483647;
			dstPath = "";
			dstSubfolderSpec = 13;
			files = (
				F2EB435229350B3700AFDBD3 /* WidgetExtension.appex in Embed Foundation Extensions */,
				F2F41D7C25CD651D0010260B /* NotificationService.appex in Embed Foundation Extensions */,
			);
			name = "Embed Foundation Extensions";
			runOnlyForDeploymentPostprocessing = 0;
		};
/* End PBXCopyFilesBuildPhase section */

/* Begin PBXFileReference section */
		1A8B59F52B72304F00ED46B1 /* ApplicationInfoSection.swift */ = {isa = PBXFileReference; lastKnownFileType = sourcecode.swift; path = ApplicationInfoSection.swift; sourceTree = "<group>"; };
		1A8B59F82B72843800ED46B1 /* ApplicationInfo.swift */ = {isa = PBXFileReference; lastKnownFileType = sourcecode.swift; path = ApplicationInfo.swift; sourceTree = "<group>"; };
		1A8C310F2BFF20DA0000BFA6 /* SampleUser.swift */ = {isa = PBXFileReference; lastKnownFileType = sourcecode.swift; path = SampleUser.swift; sourceTree = "<group>"; };
		E514687729C9CC41005E057D /* String+Localization.swift */ = {isa = PBXFileReference; lastKnownFileType = sourcecode.swift; path = "String+Localization.swift"; sourceTree = "<group>"; };
		E51FD36C29D570EB000897D9 /* CoffeeBrewerActivityAttributes.swift */ = {isa = PBXFileReference; lastKnownFileType = sourcecode.swift; path = CoffeeBrewerActivityAttributes.swift; sourceTree = "<group>"; };
		E51FD36E29D57104000897D9 /* LiveActivitiesController.swift */ = {isa = PBXFileReference; lastKnownFileType = sourcecode.swift; path = LiveActivitiesController.swift; sourceTree = "<group>"; };
		E51FD37429D577D0000897D9 /* CoffeeBrewerLiveActivity.swift */ = {isa = PBXFileReference; lastKnownFileType = sourcecode.swift; path = CoffeeBrewerLiveActivity.swift; sourceTree = "<group>"; };
		E51FD37729D5794D000897D9 /* CoffeeBrewerLockScreenView.swift */ = {isa = PBXFileReference; lastKnownFileType = sourcecode.swift; path = CoffeeBrewerLockScreenView.swift; sourceTree = "<group>"; };
		E51FD37929D5795F000897D9 /* CoffeeBrewerStatusTrackerView.swift */ = {isa = PBXFileReference; lastKnownFileType = sourcecode.swift; path = CoffeeBrewerStatusTrackerView.swift; sourceTree = "<group>"; };
		E51FD37B29D5797F000897D9 /* CoffeeBrewerHeadlineView.swift */ = {isa = PBXFileReference; lastKnownFileType = sourcecode.swift; path = CoffeeBrewerHeadlineView.swift; sourceTree = "<group>"; };
		E51FD37E29D57A47000897D9 /* CoffeeBrewer+Utilities.swift */ = {isa = PBXFileReference; lastKnownFileType = sourcecode.swift; path = "CoffeeBrewer+Utilities.swift"; sourceTree = "<group>"; };
		E51FD38129D57ECA000897D9 /* Localizable.stringsdict */ = {isa = PBXFileReference; fileEncoding = 4; lastKnownFileType = text.plist.stringsdict; path = Localizable.stringsdict; sourceTree = "<group>"; };
		E51FD38229D57ECB000897D9 /* Localizable.strings */ = {isa = PBXFileReference; fileEncoding = 4; lastKnownFileType = text.plist.strings; path = Localizable.strings; sourceTree = "<group>"; };
		E51FD38529D5825F000897D9 /* LiveActivitiesSection.swift */ = {isa = PBXFileReference; lastKnownFileType = sourcecode.swift; path = LiveActivitiesSection.swift; sourceTree = "<group>"; };
		E51FD38B29D6F2D2000897D9 /* en */ = {isa = PBXFileReference; lastKnownFileType = text.plist.strings; name = en; path = en.lproj/Localizable.strings; sourceTree = "<group>"; };
		E534D10D2B03810800A6EF62 /* ListIconView.swift */ = {isa = PBXFileReference; lastKnownFileType = sourcecode.swift; path = ListIconView.swift; sourceTree = "<group>"; };
		E5590DF529C21F59006E593B /* TagsView.swift */ = {isa = PBXFileReference; lastKnownFileType = sourcecode.swift; path = TagsView.swift; sourceTree = "<group>"; };
		E5590DF729C2273A006E593B /* TagsViewModel.swift */ = {isa = PBXFileReference; lastKnownFileType = sourcecode.swift; path = TagsViewModel.swift; sourceTree = "<group>"; };
		E5590DFD29C2310F006E593B /* SelectableChipView.swift */ = {isa = PBXFileReference; lastKnownFileType = sourcecode.swift; path = SelectableChipView.swift; sourceTree = "<group>"; };
		E5590E0029C321DE006E593B /* InboxView.swift */ = {isa = PBXFileReference; lastKnownFileType = sourcecode.swift; path = InboxView.swift; sourceTree = "<group>"; };
		E5590E0229C32415006E593B /* InboxViewModel.swift */ = {isa = PBXFileReference; lastKnownFileType = sourcecode.swift; path = InboxViewModel.swift; sourceTree = "<group>"; };
		E5590E0529C33389006E593B /* Date+Utilities.swift */ = {isa = PBXFileReference; lastKnownFileType = sourcecode.swift; path = "Date+Utilities.swift"; sourceTree = "<group>"; };
		E5590E0729C334C7006E593B /* InboxItemView.swift */ = {isa = PBXFileReference; lastKnownFileType = sourcecode.swift; path = InboxItemView.swift; sourceTree = "<group>"; };
		E5590E0929C33540006E593B /* AsyncImageCompat.swift */ = {isa = PBXFileReference; lastKnownFileType = sourcecode.swift; path = AsyncImageCompat.swift; sourceTree = "<group>"; };
		E5590E0B29C33586006E593B /* AsyncImageCompat+ImageLoader.swift */ = {isa = PBXFileReference; lastKnownFileType = sourcecode.swift; path = "AsyncImageCompat+ImageLoader.swift"; sourceTree = "<group>"; };
		E5590E0D29C335BA006E593B /* AsyncImageCompat+ImageCache.swift */ = {isa = PBXFileReference; lastKnownFileType = sourcecode.swift; path = "AsyncImageCompat+ImageCache.swift"; sourceTree = "<group>"; };
		E5590E1129C3428F006E593B /* UIApplication+Notifications.swift */ = {isa = PBXFileReference; lastKnownFileType = sourcecode.swift; path = "UIApplication+Notifications.swift"; sourceTree = "<group>"; };
		E5590E1329C359B9006E593B /* Notification.Name+Custom.swift */ = {isa = PBXFileReference; lastKnownFileType = sourcecode.swift; path = "Notification.Name+Custom.swift"; sourceTree = "<group>"; };
		E5590E1629C35EA9006E593B /* BeaconsView.swift */ = {isa = PBXFileReference; lastKnownFileType = sourcecode.swift; path = BeaconsView.swift; sourceTree = "<group>"; };
		E5590E1829C35EC3006E593B /* BeaconsViewModel.swift */ = {isa = PBXFileReference; lastKnownFileType = sourcecode.swift; path = BeaconsViewModel.swift; sourceTree = "<group>"; };
		E5590E1A29C35F96006E593B /* BeaconRow.swift */ = {isa = PBXFileReference; lastKnownFileType = sourcecode.swift; path = BeaconRow.swift; sourceTree = "<group>"; };
		E5590E1D29C363AD006E593B /* ScannablesView.swift */ = {isa = PBXFileReference; lastKnownFileType = sourcecode.swift; path = ScannablesView.swift; sourceTree = "<group>"; };
		E5590E2B29C387C7006E593B /* AssetsView.swift */ = {isa = PBXFileReference; lastKnownFileType = sourcecode.swift; path = AssetsView.swift; sourceTree = "<group>"; };
		E5590E2D29C387D4006E593B /* AssetsViewModel.swift */ = {isa = PBXFileReference; lastKnownFileType = sourcecode.swift; path = AssetsViewModel.swift; sourceTree = "<group>"; };
		E5590E2F29C46AD7006E593B /* AssetItemView.swift */ = {isa = PBXFileReference; lastKnownFileType = sourcecode.swift; path = AssetItemView.swift; sourceTree = "<group>"; };
		E5590E3229C47524006E593B /* EventsView.swift */ = {isa = PBXFileReference; lastKnownFileType = sourcecode.swift; path = EventsView.swift; sourceTree = "<group>"; };
		E5590E3429C4760E006E593B /* EventsViewModel.swift */ = {isa = PBXFileReference; lastKnownFileType = sourcecode.swift; path = EventsViewModel.swift; sourceTree = "<group>"; };
		E5590E3829C6692A006E593B /* AssetDetailsView.swift */ = {isa = PBXFileReference; lastKnownFileType = sourcecode.swift; path = AssetDetailsView.swift; sourceTree = "<group>"; };
		E59CFC0C29CB6CC70024057A /* BadgeView.swift */ = {isa = PBXFileReference; lastKnownFileType = sourcecode.swift; path = BadgeView.swift; sourceTree = "<group>"; };
		E59CFC0E29CB6D330024057A /* DetermineSize.swift */ = {isa = PBXFileReference; lastKnownFileType = sourcecode.swift; path = DetermineSize.swift; sourceTree = "<group>"; };
		E5B26D9F29C076F300B47C6D /* DeviceRegistrationSection.swift */ = {isa = PBXFileReference; lastKnownFileType = sourcecode.swift; path = DeviceRegistrationSection.swift; sourceTree = "<group>"; };
		E5B26DA129C07BCE00B47C6D /* OtherFeaturesSection.swift */ = {isa = PBXFileReference; lastKnownFileType = sourcecode.swift; path = OtherFeaturesSection.swift; sourceTree = "<group>"; };
		E5C78EF629BB5015006BF1F6 /* Main.swift */ = {isa = PBXFileReference; lastKnownFileType = sourcecode.swift; path = Main.swift; sourceTree = "<group>"; };
		E5C78EF829BB57D7006BF1F6 /* HomeView.swift */ = {isa = PBXFileReference; lastKnownFileType = sourcecode.swift; path = HomeView.swift; sourceTree = "<group>"; };
		E5C78EFB29BB6DC5006BF1F6 /* LaunchFlowSection.swift */ = {isa = PBXFileReference; lastKnownFileType = sourcecode.swift; path = LaunchFlowSection.swift; sourceTree = "<group>"; };
		E5C78F0029BB8905006BF1F6 /* Base */ = {isa = PBXFileReference; lastKnownFileType = file.storyboard; name = Base; path = Base.lproj/LaunchScreen.storyboard; sourceTree = "<group>"; };
		E5C78F0429BB9A37006BF1F6 /* HomeViewModel.swift */ = {isa = PBXFileReference; lastKnownFileType = sourcecode.swift; path = HomeViewModel.swift; sourceTree = "<group>"; };
		E5C78F0829BBA15B006BF1F6 /* Logger.swift */ = {isa = PBXFileReference; fileEncoding = 4; lastKnownFileType = sourcecode.swift; path = Logger.swift; sourceTree = "<group>"; };
		E5C78F0A29BE3DE8006BF1F6 /* NotificationsSection.swift */ = {isa = PBXFileReference; lastKnownFileType = sourcecode.swift; path = NotificationsSection.swift; sourceTree = "<group>"; };
		E5C78F0C29BF4970006BF1F6 /* DoNotDisturbSection.swift */ = {isa = PBXFileReference; lastKnownFileType = sourcecode.swift; path = DoNotDisturbSection.swift; sourceTree = "<group>"; };
		E5C78F0E29BF6D4E006BF1F6 /* LocationSection.swift */ = {isa = PBXFileReference; lastKnownFileType = sourcecode.swift; path = LocationSection.swift; sourceTree = "<group>"; };
		E5C78F1029BF6FF8006BF1F6 /* InAppMessagingSection.swift */ = {isa = PBXFileReference; lastKnownFileType = sourcecode.swift; path = InAppMessagingSection.swift; sourceTree = "<group>"; };
		F206D6E828A5366300A35E60 /* NotificareInAppMessagingKit.framework */ = {isa = PBXFileReference; explicitFileType = wrapper.framework; path = NotificareInAppMessagingKit.framework; sourceTree = BUILT_PRODUCTS_DIR; };
		F20C9C3927AD33DB00486217 /* NotificareNotificationServiceExtensionKit.framework */ = {isa = PBXFileReference; explicitFileType = wrapper.framework; path = NotificareNotificationServiceExtensionKit.framework; sourceTree = BUILT_PRODUCTS_DIR; };
		F20C9C3C27AD347800486217 /* NotificareNotificationServiceExtensionKit.framework */ = {isa = PBXFileReference; explicitFileType = wrapper.framework; path = NotificareNotificationServiceExtensionKit.framework; sourceTree = BUILT_PRODUCTS_DIR; };
		F216F0B226A8265500F9EF56 /* NotificareLoyaltyKit.framework */ = {isa = PBXFileReference; explicitFileType = wrapper.framework; path = NotificareLoyaltyKit.framework; sourceTree = BUILT_PRODUCTS_DIR; };
		F22443D3286CBAFE0015CBD6 /* Products.storekit */ = {isa = PBXFileReference; lastKnownFileType = text; path = Products.storekit; sourceTree = "<group>"; };
		F22443D4286CBBBE0015CBD6 /* StoreKit.framework */ = {isa = PBXFileReference; lastKnownFileType = wrapper.framework; name = StoreKit.framework; path = System/Library/Frameworks/StoreKit.framework; sourceTree = SDKROOT; };
		F22650C5258B6E890004F833 /* NotificareKit.framework */ = {isa = PBXFileReference; explicitFileType = wrapper.framework; path = NotificareKit.framework; sourceTree = BUILT_PRODUCTS_DIR; };
		F22650C9258B6E900004F833 /* NotificarePushKit.framework */ = {isa = PBXFileReference; explicitFileType = wrapper.framework; path = NotificarePushKit.framework; sourceTree = BUILT_PRODUCTS_DIR; };
		F236118E2C77581C0063C446 /* NotificareServices.plist */ = {isa = PBXFileReference; fileEncoding = 4; lastKnownFileType = text.plist.xml; path = NotificareServices.plist; sourceTree = "<group>"; };
		F23611902C77581C0063C446 /* NotificareServices.plist */ = {isa = PBXFileReference; fileEncoding = 4; lastKnownFileType = text.plist.xml; path = NotificareServices.plist; sourceTree = "<group>"; };
		F23611932C77581C0063C446 /* NotificareServices.plist */ = {isa = PBXFileReference; fileEncoding = 4; lastKnownFileType = text.plist.xml; path = NotificareServices.plist; sourceTree = "<group>"; };
		F23611952C77581C0063C446 /* NotificareServices.plist */ = {isa = PBXFileReference; fileEncoding = 4; lastKnownFileType = text.plist.xml; path = NotificareServices.plist; sourceTree = "<group>"; };
		F251694424D4077D0025B51F /* Notificare.framework */ = {isa = PBXFileReference; explicitFileType = wrapper.framework; path = Notificare.framework; sourceTree = BUILT_PRODUCTS_DIR; };
		F251694524D4077D0025B51F /* NotificareAssets.framework */ = {isa = PBXFileReference; explicitFileType = wrapper.framework; path = NotificareAssets.framework; sourceTree = BUILT_PRODUCTS_DIR; };
		F251694624D4077D0025B51F /* NotificareLocation.framework */ = {isa = PBXFileReference; explicitFileType = wrapper.framework; path = NotificareLocation.framework; sourceTree = BUILT_PRODUCTS_DIR; };
		F251694724D4077D0025B51F /* NotificareLoyalty.framework */ = {isa = PBXFileReference; explicitFileType = wrapper.framework; path = NotificareLoyalty.framework; sourceTree = BUILT_PRODUCTS_DIR; };
		F251694924D4077D0025B51F /* NotificarePush.framework */ = {isa = PBXFileReference; explicitFileType = wrapper.framework; path = NotificarePush.framework; sourceTree = BUILT_PRODUCTS_DIR; };
		F251694A24D4077D0025B51F /* NotificareScannable.framework */ = {isa = PBXFileReference; explicitFileType = wrapper.framework; path = NotificareScannable.framework; sourceTree = BUILT_PRODUCTS_DIR; };
		F267DA49273E7CA900448A8F /* NotificareOptions.plist */ = {isa = PBXFileReference; lastKnownFileType = text.plist.xml; path = NotificareOptions.plist; sourceTree = "<group>"; };
		F2696AAB26C2843F002EA653 /* NotificareGeoKit.framework */ = {isa = PBXFileReference; explicitFileType = wrapper.framework; path = NotificareGeoKit.framework; sourceTree = BUILT_PRODUCTS_DIR; };
		F27C2FCA2B04DA3F005564F4 /* BannerView.swift */ = {isa = PBXFileReference; lastKnownFileType = sourcecode.swift; path = BannerView.swift; sourceTree = "<group>"; };
		F27C2FD12B0518A5005564F4 /* BannerModifier.swift */ = {isa = PBXFileReference; lastKnownFileType = sourcecode.swift; path = BannerModifier.swift; sourceTree = "<group>"; };
		F27C2FD32B051DA0005564F4 /* Identifiables.swift */ = {isa = PBXFileReference; lastKnownFileType = sourcecode.swift; path = Identifiables.swift; sourceTree = "<group>"; };
		F28553C7258BA18C006674C1 /* Sample.entitlements */ = {isa = PBXFileReference; lastKnownFileType = text.plist.entitlements; path = Sample.entitlements; sourceTree = "<group>"; };
		F289F56425B85EC20091AB97 /* NotificareInboxKit.framework */ = {isa = PBXFileReference; explicitFileType = wrapper.framework; path = NotificareInboxKit.framework; sourceTree = BUILT_PRODUCTS_DIR; };
		F28B88C5278F38E800549CA3 /* NotificareNotificationServiceExtensionKit.framework */ = {isa = PBXFileReference; explicitFileType = wrapper.framework; path = NotificareNotificationServiceExtensionKit.framework; sourceTree = BUILT_PRODUCTS_DIR; };
		F29B17FB25A4911C007ED6F9 /* NotificarePushUIKit.framework */ = {isa = PBXFileReference; explicitFileType = wrapper.framework; path = NotificarePushUIKit.framework; sourceTree = BUILT_PRODUCTS_DIR; };
		F29FD1F424CB1FE1004B166D /* Sample.app */ = {isa = PBXFileReference; explicitFileType = wrapper.application; includeInIndex = 0; path = Sample.app; sourceTree = BUILT_PRODUCTS_DIR; };
		F29FD1F724CB1FE1004B166D /* AppDelegate.swift */ = {isa = PBXFileReference; lastKnownFileType = sourcecode.swift; path = AppDelegate.swift; sourceTree = "<group>"; };
		F29FD20024CB1FE3004B166D /* Assets.xcassets */ = {isa = PBXFileReference; lastKnownFileType = folder.assetcatalog; path = Assets.xcassets; sourceTree = "<group>"; };
		F29FD20524CB1FE3004B166D /* Info.plist */ = {isa = PBXFileReference; lastKnownFileType = text.plist.xml; path = Info.plist; sourceTree = "<group>"; };
		F2AAAF98251D01E700465EC5 /* NotificareSDK.framework */ = {isa = PBXFileReference; explicitFileType = wrapper.framework; path = NotificareSDK.framework; sourceTree = BUILT_PRODUCTS_DIR; };
		F2ABF349269CA32500401D3F /* NotificareAssetsKit.framework */ = {isa = PBXFileReference; explicitFileType = wrapper.framework; path = NotificareAssetsKit.framework; sourceTree = BUILT_PRODUCTS_DIR; };
		F2B8C56425A6176B00FFBE0C /* NotificareCore.framework */ = {isa = PBXFileReference; explicitFileType = wrapper.framework; path = NotificareCore.framework; sourceTree = BUILT_PRODUCTS_DIR; };
		F2E801D5269D93C300582DB8 /* NotificareScannablesKit.framework */ = {isa = PBXFileReference; explicitFileType = wrapper.framework; path = NotificareScannablesKit.framework; sourceTree = BUILT_PRODUCTS_DIR; };
		F2E8CF612AFD3CA300D7F2A0 /* Sample.test.entitlements */ = {isa = PBXFileReference; lastKnownFileType = text.plist.entitlements; path = Sample.test.entitlements; sourceTree = "<group>"; };
		F2E8CF622AFD3CA300D7F2A0 /* Sample.dev.entitlements */ = {isa = PBXFileReference; lastKnownFileType = text.plist.entitlements; path = Sample.dev.entitlements; sourceTree = "<group>"; };
		F2E8CF632AFD3CA300D7F2A0 /* Sample.test.dev.entitlements */ = {isa = PBXFileReference; lastKnownFileType = text.plist.entitlements; path = Sample.test.dev.entitlements; sourceTree = "<group>"; };
		F2EA0722291E9C63009DB7A0 /* NotificareUserInboxKit.framework */ = {isa = PBXFileReference; explicitFileType = wrapper.framework; path = NotificareUserInboxKit.framework; sourceTree = BUILT_PRODUCTS_DIR; };
		F2EB43242935044D00AFDBD3 /* WidgetKit.framework */ = {isa = PBXFileReference; lastKnownFileType = wrapper.framework; name = WidgetKit.framework; path = System/Library/Frameworks/WidgetKit.framework; sourceTree = SDKROOT; };
		F2EB43262935044D00AFDBD3 /* SwiftUI.framework */ = {isa = PBXFileReference; lastKnownFileType = wrapper.framework; name = SwiftUI.framework; path = System/Library/Frameworks/SwiftUI.framework; sourceTree = SDKROOT; };
		F2EB434329350B3600AFDBD3 /* WidgetExtension.appex */ = {isa = PBXFileReference; explicitFileType = "wrapper.app-extension"; includeInIndex = 0; path = WidgetExtension.appex; sourceTree = BUILT_PRODUCTS_DIR; };
		F2EB434729350B3600AFDBD3 /* WidgetExtensionBundle.swift */ = {isa = PBXFileReference; lastKnownFileType = sourcecode.swift; path = WidgetExtensionBundle.swift; sourceTree = "<group>"; };
		F2EB434D29350B3700AFDBD3 /* Assets.xcassets */ = {isa = PBXFileReference; lastKnownFileType = folder.assetcatalog; path = Assets.xcassets; sourceTree = "<group>"; };
		F2EB434F29350B3700AFDBD3 /* Info.plist */ = {isa = PBXFileReference; lastKnownFileType = text.plist.xml; path = Info.plist; sourceTree = "<group>"; };
		F2F41D7525CD651D0010260B /* NotificationService.appex */ = {isa = PBXFileReference; explicitFileType = "wrapper.app-extension"; includeInIndex = 0; path = NotificationService.appex; sourceTree = BUILT_PRODUCTS_DIR; };
		F2F41D7725CD651D0010260B /* NotificationService.swift */ = {isa = PBXFileReference; lastKnownFileType = sourcecode.swift; path = NotificationService.swift; sourceTree = "<group>"; };
		F2F41D7925CD651D0010260B /* Info.plist */ = {isa = PBXFileReference; lastKnownFileType = text.plist.xml; path = Info.plist; sourceTree = "<group>"; };
/* End PBXFileReference section */

/* Begin PBXFrameworksBuildPhase section */
		F29FD1F124CB1FE1004B166D /* Frameworks */ = {
			isa = PBXFrameworksBuildPhase;
			buildActionMask = 2147483647;
			files = (
				F2E801D6269D93C300582DB8 /* NotificareScannablesKit.framework in Frameworks */,
				F289F56525B85EC20091AB97 /* NotificareInboxKit.framework in Frameworks */,
				F20C9C3A27AD33DB00486217 /* NotificareNotificationServiceExtensionKit.framework in Frameworks */,
				F206D6E928A5366300A35E60 /* NotificareInAppMessagingKit.framework in Frameworks */,
				F2EA0723291E9C63009DB7A0 /* NotificareUserInboxKit.framework in Frameworks */,
				F2ABF34A269CA32500401D3F /* NotificareAssetsKit.framework in Frameworks */,
				F22650CA258B6E900004F833 /* NotificarePushKit.framework in Frameworks */,
				F22650C6258B6E890004F833 /* NotificareKit.framework in Frameworks */,
				F29B17FC25A4911C007ED6F9 /* NotificarePushUIKit.framework in Frameworks */,
				F2696AAC26C2843F002EA653 /* NotificareGeoKit.framework in Frameworks */,
				F216F0B326A8265500F9EF56 /* NotificareLoyaltyKit.framework in Frameworks */,
			);
			runOnlyForDeploymentPostprocessing = 0;
		};
		F2EB434029350B3600AFDBD3 /* Frameworks */ = {
			isa = PBXFrameworksBuildPhase;
			buildActionMask = 2147483647;
			files = (
				F2EB434529350B3600AFDBD3 /* SwiftUI.framework in Frameworks */,
				F2EB434429350B3600AFDBD3 /* WidgetKit.framework in Frameworks */,
			);
			runOnlyForDeploymentPostprocessing = 0;
		};
		F2F41D7225CD651D0010260B /* Frameworks */ = {
			isa = PBXFrameworksBuildPhase;
			buildActionMask = 2147483647;
			files = (
				F2FB40DC27BE891700CD9792 /* NotificareNotificationServiceExtensionKit.framework in Frameworks */,
			);
			runOnlyForDeploymentPostprocessing = 0;
		};
/* End PBXFrameworksBuildPhase section */

/* Begin PBXGroup section */
		1A8B59F72B72842000ED46B1 /* Models */ = {
			isa = PBXGroup;
			children = (
				1A8B59F82B72843800ED46B1 /* ApplicationInfo.swift */,
				1A8C310F2BFF20DA0000BFA6 /* SampleUser.swift */,
			);
			path = Models;
			sourceTree = "<group>";
		};
		E51FD35329D336A7000897D9 /* Badge */ = {
			isa = PBXGroup;
			children = (
				E59CFC0C29CB6CC70024057A /* BadgeView.swift */,
				E59CFC0E29CB6D330024057A /* DetermineSize.swift */,
			);
			path = Badge;
			sourceTree = "<group>";
		};
		E51FD36B29D570B9000897D9 /* Live Activities */ = {
			isa = PBXGroup;
			children = (
				E51FD36C29D570EB000897D9 /* CoffeeBrewerActivityAttributes.swift */,
				E51FD36E29D57104000897D9 /* LiveActivitiesController.swift */,
			);
			path = "Live Activities";
			sourceTree = "<group>";
		};
		E51FD37629D57934000897D9 /* Coffee Brewer */ = {
			isa = PBXGroup;
			children = (
				E51FD37729D5794D000897D9 /* CoffeeBrewerLockScreenView.swift */,
				E51FD37929D5795F000897D9 /* CoffeeBrewerStatusTrackerView.swift */,
				E51FD37B29D5797F000897D9 /* CoffeeBrewerHeadlineView.swift */,
			);
			path = "Coffee Brewer";
			sourceTree = "<group>";
		};
		E51FD37D29D57A30000897D9 /* Extensions */ = {
			isa = PBXGroup;
			children = (
				E51FD37E29D57A47000897D9 /* CoffeeBrewer+Utilities.swift */,
			);
			path = Extensions;
			sourceTree = "<group>";
		};
		E5590DF429C21EF2006E593B /* Tags */ = {
			isa = PBXGroup;
			children = (
				E5590DF529C21F59006E593B /* TagsView.swift */,
				E5590DF729C2273A006E593B /* TagsViewModel.swift */,
			);
			path = Tags;
			sourceTree = "<group>";
		};
		E5590DFF29C32056006E593B /* Inbox */ = {
			isa = PBXGroup;
			children = (
				E5590E0029C321DE006E593B /* InboxView.swift */,
				E5590E0229C32415006E593B /* InboxViewModel.swift */,
				E5590E0729C334C7006E593B /* InboxItemView.swift */,
			);
			path = Inbox;
			sourceTree = "<group>";
		};
		E5590E1529C35DB1006E593B /* Beacons */ = {
			isa = PBXGroup;
			children = (
				E5590E1629C35EA9006E593B /* BeaconsView.swift */,
				E5590E1829C35EC3006E593B /* BeaconsViewModel.swift */,
				E5590E1A29C35F96006E593B /* BeaconRow.swift */,
			);
			path = Beacons;
			sourceTree = "<group>";
		};
		E5590E1C29C36341006E593B /* Scannables */ = {
			isa = PBXGroup;
			children = (
				E5590E1D29C363AD006E593B /* ScannablesView.swift */,
			);
			path = Scannables;
			sourceTree = "<group>";
		};
		E5590E2A29C38729006E593B /* Assets */ = {
			isa = PBXGroup;
			children = (
				E5590E2B29C387C7006E593B /* AssetsView.swift */,
				E5590E2D29C387D4006E593B /* AssetsViewModel.swift */,
				E5590E2F29C46AD7006E593B /* AssetItemView.swift */,
				E5590E3829C6692A006E593B /* AssetDetailsView.swift */,
			);
			path = Assets;
			sourceTree = "<group>";
		};
		E5590E3129C474B5006E593B /* Events */ = {
			isa = PBXGroup;
			children = (
				E5590E3229C47524006E593B /* EventsView.swift */,
				E5590E3429C4760E006E593B /* EventsViewModel.swift */,
			);
			path = Events;
			sourceTree = "<group>";
		};
		E5590E3A29C8A93D006E593B /* AsyncImageCompat */ = {
			isa = PBXGroup;
			children = (
				E5590E0929C33540006E593B /* AsyncImageCompat.swift */,
				E5590E0B29C33586006E593B /* AsyncImageCompat+ImageLoader.swift */,
				E5590E0D29C335BA006E593B /* AsyncImageCompat+ImageCache.swift */,
			);
			path = AsyncImageCompat;
			sourceTree = "<group>";
		};
		E5C78EFA29BB6D71006BF1F6 /* HomeSectionViews */ = {
			isa = PBXGroup;
			children = (
				E5C78EFB29BB6DC5006BF1F6 /* LaunchFlowSection.swift */,
				E5C78F0A29BE3DE8006BF1F6 /* NotificationsSection.swift */,
				E5C78F0C29BF4970006BF1F6 /* DoNotDisturbSection.swift */,
				E5C78F0E29BF6D4E006BF1F6 /* LocationSection.swift */,
				E5C78F1029BF6FF8006BF1F6 /* InAppMessagingSection.swift */,
				E5B26D9F29C076F300B47C6D /* DeviceRegistrationSection.swift */,
				E5B26DA129C07BCE00B47C6D /* OtherFeaturesSection.swift */,
				E51FD38529D5825F000897D9 /* LiveActivitiesSection.swift */,
				1A8B59F52B72304F00ED46B1 /* ApplicationInfoSection.swift */,
			);
			path = HomeSectionViews;
			sourceTree = "<group>";
		};
		E5C78F0329BB98D7006BF1F6 /* Home */ = {
			isa = PBXGroup;
			children = (
				E5C78EFA29BB6D71006BF1F6 /* HomeSectionViews */,
				E5C78EF829BB57D7006BF1F6 /* HomeView.swift */,
				E5C78F0429BB9A37006BF1F6 /* HomeViewModel.swift */,
			);
			path = Home;
			sourceTree = "<group>";
		};
		F236118F2C77581C0063C446 /* Production */ = {
			isa = PBXGroup;
			children = (
				F236118E2C77581C0063C446 /* NotificareServices.plist */,
			);
			path = Production;
			sourceTree = "<group>";
		};
		F23611912C77581C0063C446 /* Test */ = {
			isa = PBXGroup;
			children = (
				F23611902C77581C0063C446 /* NotificareServices.plist */,
			);
			path = Test;
			sourceTree = "<group>";
		};
		F23611922C77581C0063C446 /* Debug */ = {
			isa = PBXGroup;
			children = (
				F236118F2C77581C0063C446 /* Production */,
				F23611912C77581C0063C446 /* Test */,
			);
			path = Debug;
			sourceTree = "<group>";
		};
		F23611942C77581C0063C446 /* Production */ = {
			isa = PBXGroup;
			children = (
				F23611932C77581C0063C446 /* NotificareServices.plist */,
			);
			path = Production;
			sourceTree = "<group>";
		};
		F23611962C77581C0063C446 /* Test */ = {
			isa = PBXGroup;
			children = (
				F23611952C77581C0063C446 /* NotificareServices.plist */,
			);
			path = Test;
			sourceTree = "<group>";
		};
		F23611972C77581C0063C446 /* Release */ = {
			isa = PBXGroup;
			children = (
				F23611942C77581C0063C446 /* Production */,
				F23611962C77581C0063C446 /* Test */,
			);
			path = Release;
			sourceTree = "<group>";
		};
		F23611982C77581C0063C446 /* Configuration */ = {
			isa = PBXGroup;
			children = (
				F23611922C77581C0063C446 /* Debug */,
				F23611972C77581C0063C446 /* Release */,
			);
			path = Configuration;
			sourceTree = "<group>";
		};
		F251694324D4077D0025B51F /* Frameworks */ = {
			isa = PBXGroup;
			children = (
				F2EA0722291E9C63009DB7A0 /* NotificareUserInboxKit.framework */,
				F206D6E828A5366300A35E60 /* NotificareInAppMessagingKit.framework */,
				F22443D4286CBBBE0015CBD6 /* StoreKit.framework */,
				F20C9C3C27AD347800486217 /* NotificareNotificationServiceExtensionKit.framework */,
				F20C9C3927AD33DB00486217 /* NotificareNotificationServiceExtensionKit.framework */,
				F28B88C5278F38E800549CA3 /* NotificareNotificationServiceExtensionKit.framework */,
				F2696AAB26C2843F002EA653 /* NotificareGeoKit.framework */,
				F216F0B226A8265500F9EF56 /* NotificareLoyaltyKit.framework */,
				F2E801D5269D93C300582DB8 /* NotificareScannablesKit.framework */,
				F2ABF349269CA32500401D3F /* NotificareAssetsKit.framework */,
				F289F56425B85EC20091AB97 /* NotificareInboxKit.framework */,
				F2B8C56425A6176B00FFBE0C /* NotificareCore.framework */,
				F29B17FB25A4911C007ED6F9 /* NotificarePushUIKit.framework */,
				F22650C9258B6E900004F833 /* NotificarePushKit.framework */,
				F22650C5258B6E890004F833 /* NotificareKit.framework */,
				F2AAAF98251D01E700465EC5 /* NotificareSDK.framework */,
				F251694424D4077D0025B51F /* Notificare.framework */,
				F251694524D4077D0025B51F /* NotificareAssets.framework */,
				F251694624D4077D0025B51F /* NotificareLocation.framework */,
				F251694724D4077D0025B51F /* NotificareLoyalty.framework */,
				F251694924D4077D0025B51F /* NotificarePush.framework */,
				F251694A24D4077D0025B51F /* NotificareScannable.framework */,
				F2EB43242935044D00AFDBD3 /* WidgetKit.framework */,
				F2EB43262935044D00AFDBD3 /* SwiftUI.framework */,
			);
			name = Frameworks;
			sourceTree = "<group>";
		};
		F25B6DC125CABDBF007BC2C8 /* UI */ = {
			isa = PBXGroup;
			children = (
				F29F82A32A0E5D8B00B327D8 /* Components */,
				E5590E3129C474B5006E593B /* Events */,
				E5590E2A29C38729006E593B /* Assets */,
				E5590E1C29C36341006E593B /* Scannables */,
				E5590E1529C35DB1006E593B /* Beacons */,
				E5590DFF29C32056006E593B /* Inbox */,
				E5590DF429C21EF2006E593B /* Tags */,
				E5C78F0329BB98D7006BF1F6 /* Home */,
				E5C78EFF29BB8904006BF1F6 /* LaunchScreen.storyboard */,
				E5C78EF629BB5015006BF1F6 /* Main.swift */,
			);
			path = UI;
			sourceTree = "<group>";
		};
		F25B6DC825CAC58C007BC2C8 /* Extensions */ = {
			isa = PBXGroup;
			children = (
				E5C78F0829BBA15B006BF1F6 /* Logger.swift */,
				E5590E0529C33389006E593B /* Date+Utilities.swift */,
				E5590E1129C3428F006E593B /* UIApplication+Notifications.swift */,
				E5590E1329C359B9006E593B /* Notification.Name+Custom.swift */,
				E514687729C9CC41005E057D /* String+Localization.swift */,
				F27C2FD32B051DA0005564F4 /* Identifiables.swift */,
			);
			path = Extensions;
			sourceTree = "<group>";
		};
		F27C2FC92B04DA2C005564F4 /* Banner */ = {
			isa = PBXGroup;
			children = (
				F27C2FCA2B04DA3F005564F4 /* BannerView.swift */,
				F27C2FD12B0518A5005564F4 /* BannerModifier.swift */,
			);
			path = Banner;
			sourceTree = "<group>";
		};
		F29F82A32A0E5D8B00B327D8 /* Components */ = {
			isa = PBXGroup;
			children = (
				E5590E3A29C8A93D006E593B /* AsyncImageCompat */,
				E51FD35329D336A7000897D9 /* Badge */,
				F27C2FC92B04DA2C005564F4 /* Banner */,
				E5590DFD29C2310F006E593B /* SelectableChipView.swift */,
				E534D10D2B03810800A6EF62 /* ListIconView.swift */,
			);
			path = Components;
			sourceTree = "<group>";
		};
		F29FD1EB24CB1FE1004B166D = {
			isa = PBXGroup;
			children = (
				F29FD1F624CB1FE1004B166D /* Sample */,
				F2F41D7625CD651D0010260B /* NotificationService */,
				F2EB434629350B3600AFDBD3 /* WidgetExtension */,
				F29FD1F524CB1FE1004B166D /* Products */,
				F251694324D4077D0025B51F /* Frameworks */,
			);
			sourceTree = "<group>";
		};
		F29FD1F524CB1FE1004B166D /* Products */ = {
			isa = PBXGroup;
			children = (
				F29FD1F424CB1FE1004B166D /* Sample.app */,
				F2F41D7525CD651D0010260B /* NotificationService.appex */,
				F2EB434329350B3600AFDBD3 /* WidgetExtension.appex */,
			);
			name = Products;
			sourceTree = "<group>";
		};
		F29FD1F624CB1FE1004B166D /* Sample */ = {
			isa = PBXGroup;
			children = (
				F23611982C77581C0063C446 /* Configuration */,
				1A8B59F72B72842000ED46B1 /* Models */,
				F25B6DC825CAC58C007BC2C8 /* Extensions */,
				E51FD36B29D570B9000897D9 /* Live Activities */,
				F25B6DC125CABDBF007BC2C8 /* UI */,
				F29FD1F724CB1FE1004B166D /* AppDelegate.swift */,
				F29FD20024CB1FE3004B166D /* Assets.xcassets */,
				F29FD20524CB1FE3004B166D /* Info.plist */,
				E51FD38A29D6F2D2000897D9 /* Localizable.strings */,
				F267DA49273E7CA900448A8F /* NotificareOptions.plist */,
				F22443D3286CBAFE0015CBD6 /* Products.storekit */,
				F28553C7258BA18C006674C1 /* Sample.entitlements */,
				F2E8CF622AFD3CA300D7F2A0 /* Sample.dev.entitlements */,
				F2E8CF632AFD3CA300D7F2A0 /* Sample.test.dev.entitlements */,
				F2E8CF612AFD3CA300D7F2A0 /* Sample.test.entitlements */,
			);
			path = Sample;
			sourceTree = "<group>";
		};
		F2EB434629350B3600AFDBD3 /* WidgetExtension */ = {
			isa = PBXGroup;
			children = (
				E51FD38229D57ECB000897D9 /* Localizable.strings */,
				E51FD38129D57ECA000897D9 /* Localizable.stringsdict */,
				E51FD37D29D57A30000897D9 /* Extensions */,
				E51FD37629D57934000897D9 /* Coffee Brewer */,
				F2EB434729350B3600AFDBD3 /* WidgetExtensionBundle.swift */,
				F2EB434D29350B3700AFDBD3 /* Assets.xcassets */,
				F2EB434F29350B3700AFDBD3 /* Info.plist */,
				E51FD37429D577D0000897D9 /* CoffeeBrewerLiveActivity.swift */,
			);
			path = WidgetExtension;
			sourceTree = "<group>";
		};
		F2F41D7625CD651D0010260B /* NotificationService */ = {
			isa = PBXGroup;
			children = (
				F2F41D7725CD651D0010260B /* NotificationService.swift */,
				F2F41D7925CD651D0010260B /* Info.plist */,
			);
			path = NotificationService;
			sourceTree = "<group>";
		};
/* End PBXGroup section */

/* Begin PBXNativeTarget section */
		F29FD1F324CB1FE1004B166D /* Sample */ = {
			isa = PBXNativeTarget;
			buildConfigurationList = F29FD20824CB1FE3004B166D /* Build configuration list for PBXNativeTarget "Sample" */;
			buildPhases = (
				F2EAF9B02AF537F700A2CC0C /* Copy Notificare configuration file */,
				F29FD1F024CB1FE1004B166D /* Sources */,
				F29FD1F124CB1FE1004B166D /* Frameworks */,
				F29FD1F224CB1FE1004B166D /* Resources */,
				F22650C8258B6E890004F833 /* Embed Frameworks */,
				F2F41D8025CD651D0010260B /* Embed Foundation Extensions */,
			);
			buildRules = (
			);
			dependencies = (
				F236119E2C7E3AAD0063C446 /* PBXTargetDependency */,
				F2F41D7B25CD651D0010260B /* PBXTargetDependency */,
				F2EB435129350B3700AFDBD3 /* PBXTargetDependency */,
			);
			name = Sample;
			packageProductDependencies = (
			);
			productName = Sample;
			productReference = F29FD1F424CB1FE1004B166D /* Sample.app */;
			productType = "com.apple.product-type.application";
		};
		F2EB434229350B3600AFDBD3 /* WidgetExtension */ = {
			isa = PBXNativeTarget;
			buildConfigurationList = F2EB435329350B3700AFDBD3 /* Build configuration list for PBXNativeTarget "WidgetExtension" */;
			buildPhases = (
				F2EB433F29350B3600AFDBD3 /* Sources */,
				F2EB434029350B3600AFDBD3 /* Frameworks */,
				F2EB434129350B3600AFDBD3 /* Resources */,
			);
			buildRules = (
			);
			dependencies = (
			);
			name = WidgetExtension;
			productName = WidgetExtensionExtension;
			productReference = F2EB434329350B3600AFDBD3 /* WidgetExtension.appex */;
			productType = "com.apple.product-type.app-extension";
		};
		F2F41D7425CD651D0010260B /* NotificationService */ = {
			isa = PBXNativeTarget;
			buildConfigurationList = F2F41D7D25CD651D0010260B /* Build configuration list for PBXNativeTarget "NotificationService" */;
			buildPhases = (
				F2F41D7125CD651D0010260B /* Sources */,
				F2F41D7225CD651D0010260B /* Frameworks */,
				F2F41D7325CD651D0010260B /* Resources */,
				F29ECB712A0546A1001961B0 /* Embed Frameworks */,
			);
			buildRules = (
			);
			dependencies = (
			);
			name = NotificationService;
			productName = NotificationService;
			productReference = F2F41D7525CD651D0010260B /* NotificationService.appex */;
			productType = "com.apple.product-type.app-extension";
		};
/* End PBXNativeTarget section */

/* Begin PBXProject section */
		F29FD1EC24CB1FE1004B166D /* Project object */ = {
			isa = PBXProject;
			attributes = {
				BuildIndependentTargetsInParallel = YES;
				LastSwiftUpdateCheck = 1410;
				LastUpgradeCheck = 1540;
				ORGANIZATIONNAME = Notificare;
				TargetAttributes = {
					F29FD1F324CB1FE1004B166D = {
						CreatedOnToolsVersion = 12.0;
					};
					F2EB434229350B3600AFDBD3 = {
						CreatedOnToolsVersion = 14.1;
					};
					F2F41D7425CD651D0010260B = {
						CreatedOnToolsVersion = 12.3;
					};
				};
			};
			buildConfigurationList = F29FD1EF24CB1FE1004B166D /* Build configuration list for PBXProject "Sample" */;
			compatibilityVersion = "Xcode 13.0";
			developmentRegion = en;
			hasScannedForEncodings = 0;
			knownRegions = (
				en,
				Base,
			);
			mainGroup = F29FD1EB24CB1FE1004B166D;
			packageReferences = (
				1A8C30EF2BF639940000BFA6 /* XCRemoteSwiftPackageReference "SwiftLint" */,
			);
			productRefGroup = F29FD1F524CB1FE1004B166D /* Products */;
			projectDirPath = "";
			projectRoot = "";
			targets = (
				F29FD1F324CB1FE1004B166D /* Sample */,
				F2F41D7425CD651D0010260B /* NotificationService */,
				F2EB434229350B3600AFDBD3 /* WidgetExtension */,
			);
		};
/* End PBXProject section */

/* Begin PBXResourcesBuildPhase section */
		F29FD1F224CB1FE1004B166D /* Resources */ = {
			isa = PBXResourcesBuildPhase;
			buildActionMask = 2147483647;
			files = (
				E51FD38C29D6F2D2000897D9 /* Localizable.strings in Resources */,
				F29FD20124CB1FE3004B166D /* Assets.xcassets in Resources */,
				F267DA4A273E7CA900448A8F /* NotificareOptions.plist in Resources */,
				E5C78F0229BB8905006BF1F6 /* LaunchScreen.storyboard in Resources */,
			);
			runOnlyForDeploymentPostprocessing = 0;
		};
		F2EB434129350B3600AFDBD3 /* Resources */ = {
			isa = PBXResourcesBuildPhase;
			buildActionMask = 2147483647;
			files = (
				F2EB434E29350B3700AFDBD3 /* Assets.xcassets in Resources */,
				E51FD38429D57ECB000897D9 /* Localizable.strings in Resources */,
				E51FD38329D57ECB000897D9 /* Localizable.stringsdict in Resources */,
			);
			runOnlyForDeploymentPostprocessing = 0;
		};
		F2F41D7325CD651D0010260B /* Resources */ = {
			isa = PBXResourcesBuildPhase;
			buildActionMask = 2147483647;
			files = (
			);
			runOnlyForDeploymentPostprocessing = 0;
		};
/* End PBXResourcesBuildPhase section */

/* Begin PBXShellScriptBuildPhase section */
		F2EAF9B02AF537F700A2CC0C /* Copy Notificare configuration file */ = {
			isa = PBXShellScriptBuildPhase;
			alwaysOutOfDate = 1;
			buildActionMask = 2147483647;
			files = (
			);
			inputFileListPaths = (
			);
			inputPaths = (
			);
			name = "Copy Notificare configuration file";
			outputFileListPaths = (
			);
			outputPaths = (
			);
			runOnlyForDeploymentPostprocessing = 0;
			shellPath = /bin/sh;
			shellScript = "CONFIGURATION_FILE_NAME=NotificareServices.plist\n\nBUILD_TYPE=$(echo $CONFIGURATION | cut -d \"-\" -f 1)\nENVIRONMENT=$(echo $CONFIGURATION | cut -d \"-\" -f 2)\n\nCONFIGURATION_FILE=${PROJECT_DIR}/${TARGET_NAME}/Configuration/${BUILD_TYPE}/${ENVIRONMENT}/${CONFIGURATION_FILE_NAME}\nCONFIGURATION_FILE_DESTINATION=${BUILT_PRODUCTS_DIR}/${PRODUCT_NAME}.app\n\necho \"Looking for ${CONFIGURATION_FILE_NAME} in ${CONFIGURATION_FILE}\"\nif [ ! -f $CONFIGURATION_FILE ] ; then\n    echo \"File not found.\"\n    exit 1\nfi\n\necho \"Copying ${CONFIGURATION_FILE_NAME} to final destination: ${CONFIGURATION_FILE}\"\ncp \"${CONFIGURATION_FILE}\" \"${CONFIGURATION_FILE_DESTINATION}\"\n";
		};
/* End PBXShellScriptBuildPhase section */

/* Begin PBXSourcesBuildPhase section */
		F29FD1F024CB1FE1004B166D /* Sources */ = {
			isa = PBXSourcesBuildPhase;
			buildActionMask = 2147483647;
			files = (
				E5C78F0929BBA15B006BF1F6 /* Logger.swift in Sources */,
				E5590E3529C4760E006E593B /* EventsViewModel.swift in Sources */,
				E5B26DA229C07BCE00B47C6D /* OtherFeaturesSection.swift in Sources */,
				E5590E3029C46AD7006E593B /* AssetItemView.swift in Sources */,
				E5C78F0D29BF4970006BF1F6 /* DoNotDisturbSection.swift in Sources */,
				E5590E2E29C387D4006E593B /* AssetsViewModel.swift in Sources */,
				E5C78F0529BB9A37006BF1F6 /* HomeViewModel.swift in Sources */,
				E51FD36D29D570EB000897D9 /* CoffeeBrewerActivityAttributes.swift in Sources */,
				E5590DF629C21F59006E593B /* TagsView.swift in Sources */,
				E5590E0129C321DE006E593B /* InboxView.swift in Sources */,
				E5B26DA029C076F300B47C6D /* DeviceRegistrationSection.swift in Sources */,
				E5590E1729C35EA9006E593B /* BeaconsView.swift in Sources */,
				E5C78F0F29BF6D4E006BF1F6 /* LocationSection.swift in Sources */,
				E5590E0829C334C7006E593B /* InboxItemView.swift in Sources */,
				E5590E1E29C363AD006E593B /* ScannablesView.swift in Sources */,
				E534D10E2B03810800A6EF62 /* ListIconView.swift in Sources */,
				E5C78F1129BF6FF8006BF1F6 /* InAppMessagingSection.swift in Sources */,
				E51FD36F29D57104000897D9 /* LiveActivitiesController.swift in Sources */,
				E5590E1229C3428F006E593B /* UIApplication+Notifications.swift in Sources */,
				E5C78EF929BB57D7006BF1F6 /* HomeView.swift in Sources */,
				E5C78F0B29BE3DE8006BF1F6 /* NotificationsSection.swift in Sources */,
				1A8C31102BFF20DA0000BFA6 /* SampleUser.swift in Sources */,
				E5590E0C29C33586006E593B /* AsyncImageCompat+ImageLoader.swift in Sources */,
				E51FD38629D5825F000897D9 /* LiveActivitiesSection.swift in Sources */,
				E5590E1429C359B9006E593B /* Notification.Name+Custom.swift in Sources */,
				E5590E3929C6692A006E593B /* AssetDetailsView.swift in Sources */,
				E5590E0329C32415006E593B /* InboxViewModel.swift in Sources */,
				E5590E0E29C335BA006E593B /* AsyncImageCompat+ImageCache.swift in Sources */,
				E59CFC0F29CB6D330024057A /* DetermineSize.swift in Sources */,
				1A8B59F62B72304F00ED46B1 /* ApplicationInfoSection.swift in Sources */,
				1A8B59F92B72843800ED46B1 /* ApplicationInfo.swift in Sources */,
				E5590E0629C33389006E593B /* Date+Utilities.swift in Sources */,
				F29FD1F824CB1FE1004B166D /* AppDelegate.swift in Sources */,
				E514687829C9CC41005E057D /* String+Localization.swift in Sources */,
				E5C78EFC29BB6DC5006BF1F6 /* LaunchFlowSection.swift in Sources */,
				F27C2FCB2B04DA3F005564F4 /* BannerView.swift in Sources */,
				E5C78EF729BB5015006BF1F6 /* Main.swift in Sources */,
				E5590E3329C47524006E593B /* EventsView.swift in Sources */,
				E5590E2C29C387C7006E593B /* AssetsView.swift in Sources */,
				F27C2FD42B051DA0005564F4 /* Identifiables.swift in Sources */,
				E5590E1B29C35F96006E593B /* BeaconRow.swift in Sources */,
				E5590DFE29C2310F006E593B /* SelectableChipView.swift in Sources */,
				E59CFC0D29CB6CC70024057A /* BadgeView.swift in Sources */,
				E5590E1929C35EC3006E593B /* BeaconsViewModel.swift in Sources */,
				E5590DF829C2273A006E593B /* TagsViewModel.swift in Sources */,
				E5590E0A29C33540006E593B /* AsyncImageCompat.swift in Sources */,
				F27C2FD22B0518A5005564F4 /* BannerModifier.swift in Sources */,
			);
			runOnlyForDeploymentPostprocessing = 0;
		};
		F2EB433F29350B3600AFDBD3 /* Sources */ = {
			isa = PBXSourcesBuildPhase;
			buildActionMask = 2147483647;
			files = (
				E51FD37A29D5795F000897D9 /* CoffeeBrewerStatusTrackerView.swift in Sources */,
				E51FD37C29D5797F000897D9 /* CoffeeBrewerHeadlineView.swift in Sources */,
				E51FD37529D577D0000897D9 /* CoffeeBrewerLiveActivity.swift in Sources */,
				E51FD38029D57CD2000897D9 /* CoffeeBrewerActivityAttributes.swift in Sources */,
				F2EB434829350B3600AFDBD3 /* WidgetExtensionBundle.swift in Sources */,
				E51FD37F29D57A47000897D9 /* CoffeeBrewer+Utilities.swift in Sources */,
				E51FD37829D5794D000897D9 /* CoffeeBrewerLockScreenView.swift in Sources */,
			);
			runOnlyForDeploymentPostprocessing = 0;
		};
		F2F41D7125CD651D0010260B /* Sources */ = {
			isa = PBXSourcesBuildPhase;
			buildActionMask = 2147483647;
			files = (
				F2F41D7825CD651D0010260B /* NotificationService.swift in Sources */,
			);
			runOnlyForDeploymentPostprocessing = 0;
		};
/* End PBXSourcesBuildPhase section */

/* Begin PBXTargetDependency section */
		F236119E2C7E3AAD0063C446 /* PBXTargetDependency */ = {
			isa = PBXTargetDependency;
			productRef = F236119D2C7E3AAD0063C446 /* SwiftLintBuildToolPlugin */;
		};
		F2EB435129350B3700AFDBD3 /* PBXTargetDependency */ = {
			isa = PBXTargetDependency;
			target = F2EB434229350B3600AFDBD3 /* WidgetExtension */;
			targetProxy = F2EB435029350B3700AFDBD3 /* PBXContainerItemProxy */;
		};
		F2F41D7B25CD651D0010260B /* PBXTargetDependency */ = {
			isa = PBXTargetDependency;
			target = F2F41D7425CD651D0010260B /* NotificationService */;
			targetProxy = F2F41D7A25CD651D0010260B /* PBXContainerItemProxy */;
		};
/* End PBXTargetDependency section */

/* Begin PBXVariantGroup section */
		E51FD38A29D6F2D2000897D9 /* Localizable.strings */ = {
			isa = PBXVariantGroup;
			children = (
				E51FD38B29D6F2D2000897D9 /* en */,
			);
			name = Localizable.strings;
			sourceTree = "<group>";
		};
		E5C78EFF29BB8904006BF1F6 /* LaunchScreen.storyboard */ = {
			isa = PBXVariantGroup;
			children = (
				E5C78F0029BB8905006BF1F6 /* Base */,
			);
			name = LaunchScreen.storyboard;
			sourceTree = "<group>";
		};
/* End PBXVariantGroup section */

/* Begin XCBuildConfiguration section */
		F29FD20624CB1FE3004B166D /* Debug-Production */ = {
			isa = XCBuildConfiguration;
			buildSettings = {
				ALWAYS_SEARCH_USER_PATHS = NO;
				ASSETCATALOG_COMPILER_GENERATE_SWIFT_ASSET_SYMBOL_EXTENSIONS = YES;
				BUNDLE_IDENTIFIER_SUFFIX = .dev;
				CLANG_ANALYZER_NONNULL = YES;
				CLANG_ANALYZER_NUMBER_OBJECT_CONVERSION = YES_AGGRESSIVE;
				CLANG_CXX_LANGUAGE_STANDARD = "gnu++14";
				CLANG_CXX_LIBRARY = "libc++";
				CLANG_ENABLE_MODULES = YES;
				CLANG_ENABLE_OBJC_ARC = YES;
				CLANG_ENABLE_OBJC_WEAK = YES;
				CLANG_WARN_BLOCK_CAPTURE_AUTORELEASING = YES;
				CLANG_WARN_BOOL_CONVERSION = YES;
				CLANG_WARN_COMMA = YES;
				CLANG_WARN_CONSTANT_CONVERSION = YES;
				CLANG_WARN_DEPRECATED_OBJC_IMPLEMENTATIONS = YES;
				CLANG_WARN_DIRECT_OBJC_ISA_USAGE = YES_ERROR;
				CLANG_WARN_DOCUMENTATION_COMMENTS = YES;
				CLANG_WARN_EMPTY_BODY = YES;
				CLANG_WARN_ENUM_CONVERSION = YES;
				CLANG_WARN_INFINITE_RECURSION = YES;
				CLANG_WARN_INT_CONVERSION = YES;
				CLANG_WARN_NON_LITERAL_NULL_CONVERSION = YES;
				CLANG_WARN_OBJC_IMPLICIT_RETAIN_SELF = YES;
				CLANG_WARN_OBJC_LITERAL_CONVERSION = YES;
				CLANG_WARN_OBJC_ROOT_CLASS = YES_ERROR;
				CLANG_WARN_QUOTED_INCLUDE_IN_FRAMEWORK_HEADER = YES;
				CLANG_WARN_RANGE_LOOP_ANALYSIS = YES;
				CLANG_WARN_STRICT_PROTOTYPES = YES;
				CLANG_WARN_SUSPICIOUS_MOVE = YES;
				CLANG_WARN_UNGUARDED_AVAILABILITY = YES_AGGRESSIVE;
				CLANG_WARN_UNREACHABLE_CODE = YES;
				CLANG_WARN__DUPLICATE_METHOD_MATCH = YES;
				COPY_PHASE_STRIP = NO;
				CURRENT_PROJECT_VERSION = 5;
				DEBUG_INFORMATION_FORMAT = dwarf;
				ENABLE_STRICT_OBJC_MSGSEND = YES;
				ENABLE_TESTABILITY = YES;
				GCC_C_LANGUAGE_STANDARD = gnu11;
				GCC_DYNAMIC_NO_PIC = NO;
				GCC_NO_COMMON_BLOCKS = YES;
				GCC_OPTIMIZATION_LEVEL = 0;
				GCC_PREPROCESSOR_DEFINITIONS = (
					"DEBUG=1",
					"$(inherited)",
				);
				GCC_WARN_64_TO_32_BIT_CONVERSION = YES;
				GCC_WARN_ABOUT_RETURN_TYPE = YES_ERROR;
				GCC_WARN_UNDECLARED_SELECTOR = YES;
				GCC_WARN_UNINITIALIZED_AUTOS = YES_AGGRESSIVE;
				GCC_WARN_UNUSED_FUNCTION = YES;
				GCC_WARN_UNUSED_VARIABLE = YES;
				IPHONEOS_DEPLOYMENT_TARGET = 14.0;
				MARKETING_VERSION = 3.0.0;
				MTL_ENABLE_DEBUG_INFO = INCLUDE_SOURCE;
				MTL_FAST_MATH = YES;
				ONLY_ACTIVE_ARCH = YES;
				SDKROOT = iphoneos;
				SWIFT_ACTIVE_COMPILATION_CONDITIONS = DEBUG;
				SWIFT_OPTIMIZATION_LEVEL = "-Onone";
			};
			name = "Debug-Production";
		};
		F29FD20724CB1FE3004B166D /* Release-Production */ = {
			isa = XCBuildConfiguration;
			buildSettings = {
				ALWAYS_SEARCH_USER_PATHS = NO;
				ASSETCATALOG_COMPILER_GENERATE_SWIFT_ASSET_SYMBOL_EXTENSIONS = YES;
				BUNDLE_IDENTIFIER_SUFFIX = "";
				CLANG_ANALYZER_NONNULL = YES;
				CLANG_ANALYZER_NUMBER_OBJECT_CONVERSION = YES_AGGRESSIVE;
				CLANG_CXX_LANGUAGE_STANDARD = "gnu++14";
				CLANG_CXX_LIBRARY = "libc++";
				CLANG_ENABLE_MODULES = YES;
				CLANG_ENABLE_OBJC_ARC = YES;
				CLANG_ENABLE_OBJC_WEAK = YES;
				CLANG_WARN_BLOCK_CAPTURE_AUTORELEASING = YES;
				CLANG_WARN_BOOL_CONVERSION = YES;
				CLANG_WARN_COMMA = YES;
				CLANG_WARN_CONSTANT_CONVERSION = YES;
				CLANG_WARN_DEPRECATED_OBJC_IMPLEMENTATIONS = YES;
				CLANG_WARN_DIRECT_OBJC_ISA_USAGE = YES_ERROR;
				CLANG_WARN_DOCUMENTATION_COMMENTS = YES;
				CLANG_WARN_EMPTY_BODY = YES;
				CLANG_WARN_ENUM_CONVERSION = YES;
				CLANG_WARN_INFINITE_RECURSION = YES;
				CLANG_WARN_INT_CONVERSION = YES;
				CLANG_WARN_NON_LITERAL_NULL_CONVERSION = YES;
				CLANG_WARN_OBJC_IMPLICIT_RETAIN_SELF = YES;
				CLANG_WARN_OBJC_LITERAL_CONVERSION = YES;
				CLANG_WARN_OBJC_ROOT_CLASS = YES_ERROR;
				CLANG_WARN_QUOTED_INCLUDE_IN_FRAMEWORK_HEADER = YES;
				CLANG_WARN_RANGE_LOOP_ANALYSIS = YES;
				CLANG_WARN_STRICT_PROTOTYPES = YES;
				CLANG_WARN_SUSPICIOUS_MOVE = YES;
				CLANG_WARN_UNGUARDED_AVAILABILITY = YES_AGGRESSIVE;
				CLANG_WARN_UNREACHABLE_CODE = YES;
				CLANG_WARN__DUPLICATE_METHOD_MATCH = YES;
				COPY_PHASE_STRIP = NO;
				CURRENT_PROJECT_VERSION = 5;
				DEBUG_INFORMATION_FORMAT = "dwarf-with-dsym";
				ENABLE_NS_ASSERTIONS = NO;
				ENABLE_STRICT_OBJC_MSGSEND = YES;
				GCC_C_LANGUAGE_STANDARD = gnu11;
				GCC_NO_COMMON_BLOCKS = YES;
				GCC_WARN_64_TO_32_BIT_CONVERSION = YES;
				GCC_WARN_ABOUT_RETURN_TYPE = YES_ERROR;
				GCC_WARN_UNDECLARED_SELECTOR = YES;
				GCC_WARN_UNINITIALIZED_AUTOS = YES_AGGRESSIVE;
				GCC_WARN_UNUSED_FUNCTION = YES;
				GCC_WARN_UNUSED_VARIABLE = YES;
				IPHONEOS_DEPLOYMENT_TARGET = 14.0;
				MARKETING_VERSION = 3.0.0;
				MTL_ENABLE_DEBUG_INFO = NO;
				MTL_FAST_MATH = YES;
				SDKROOT = iphoneos;
				SWIFT_COMPILATION_MODE = wholemodule;
				SWIFT_OPTIMIZATION_LEVEL = "-O";
				VALIDATE_PRODUCT = YES;
			};
			name = "Release-Production";
		};
		F29FD20924CB1FE3004B166D /* Debug-Production */ = {
			isa = XCBuildConfiguration;
			buildSettings = {
				ALWAYS_EMBED_SWIFT_STANDARD_LIBRARIES = YES;
				ASSETCATALOG_COMPILER_APPICON_NAME = AppIcon.dev;
				ASSETCATALOG_COMPILER_GLOBAL_ACCENT_COLOR_NAME = AccentColor;
				ASSETCATALOG_COMPILER_INCLUDE_ALL_APPICON_ASSETS = NO;
				CODE_SIGN_ENTITLEMENTS = Sample/Sample.dev.entitlements;
				CODE_SIGN_STYLE = Automatic;
				DEVELOPMENT_TEAM = E3J9DDFVP4;
				INFOPLIST_FILE = Sample/Info.plist;
				INFOPLIST_KEY_UILaunchScreen_Generation = NO;
				INFOPLIST_KEY_UISupportedInterfaceOrientations = "";
				LD_RUNPATH_SEARCH_PATHS = (
					"$(inherited)",
					"@executable_path/Frameworks",
				);
				NOTIFICARE_APPLICATION_ID = 585702253cad4414df0e3b20;
				PRODUCT_BUNDLE_IDENTIFIER = re.notifica.sample.app.dev;
				PRODUCT_NAME = "$(TARGET_NAME)";
				SWIFT_VERSION = 5.0;
				TARGETED_DEVICE_FAMILY = "1,2";
			};
			name = "Debug-Production";
		};
		F29FD20A24CB1FE3004B166D /* Release-Production */ = {
			isa = XCBuildConfiguration;
			buildSettings = {
				ALWAYS_EMBED_SWIFT_STANDARD_LIBRARIES = YES;
				ASSETCATALOG_COMPILER_APPICON_NAME = AppIcon;
				ASSETCATALOG_COMPILER_GLOBAL_ACCENT_COLOR_NAME = AccentColor;
				ASSETCATALOG_COMPILER_INCLUDE_ALL_APPICON_ASSETS = NO;
				CODE_SIGN_ENTITLEMENTS = Sample/Sample.entitlements;
				CODE_SIGN_STYLE = Automatic;
				DEVELOPMENT_TEAM = E3J9DDFVP4;
				INFOPLIST_FILE = Sample/Info.plist;
				INFOPLIST_KEY_UILaunchScreen_Generation = NO;
				INFOPLIST_KEY_UISupportedInterfaceOrientations = "";
				LD_RUNPATH_SEARCH_PATHS = (
					"$(inherited)",
					"@executable_path/Frameworks",
				);
				NOTIFICARE_APPLICATION_ID = 585702253cad4414df0e3b20;
				PRODUCT_BUNDLE_IDENTIFIER = re.notifica.sample.app;
				PRODUCT_NAME = "$(TARGET_NAME)";
				SWIFT_VERSION = 5.0;
				TARGETED_DEVICE_FAMILY = "1,2";
			};
			name = "Release-Production";
		};
		F2D0E2862AF14E910019F061 /* Debug-Test */ = {
			isa = XCBuildConfiguration;
			buildSettings = {
				ALWAYS_SEARCH_USER_PATHS = NO;
				ASSETCATALOG_COMPILER_GENERATE_SWIFT_ASSET_SYMBOL_EXTENSIONS = YES;
				BUNDLE_IDENTIFIER_SUFFIX = .test.dev;
				CLANG_ANALYZER_NONNULL = YES;
				CLANG_ANALYZER_NUMBER_OBJECT_CONVERSION = YES_AGGRESSIVE;
				CLANG_CXX_LANGUAGE_STANDARD = "gnu++14";
				CLANG_CXX_LIBRARY = "libc++";
				CLANG_ENABLE_MODULES = YES;
				CLANG_ENABLE_OBJC_ARC = YES;
				CLANG_ENABLE_OBJC_WEAK = YES;
				CLANG_WARN_BLOCK_CAPTURE_AUTORELEASING = YES;
				CLANG_WARN_BOOL_CONVERSION = YES;
				CLANG_WARN_COMMA = YES;
				CLANG_WARN_CONSTANT_CONVERSION = YES;
				CLANG_WARN_DEPRECATED_OBJC_IMPLEMENTATIONS = YES;
				CLANG_WARN_DIRECT_OBJC_ISA_USAGE = YES_ERROR;
				CLANG_WARN_DOCUMENTATION_COMMENTS = YES;
				CLANG_WARN_EMPTY_BODY = YES;
				CLANG_WARN_ENUM_CONVERSION = YES;
				CLANG_WARN_INFINITE_RECURSION = YES;
				CLANG_WARN_INT_CONVERSION = YES;
				CLANG_WARN_NON_LITERAL_NULL_CONVERSION = YES;
				CLANG_WARN_OBJC_IMPLICIT_RETAIN_SELF = YES;
				CLANG_WARN_OBJC_LITERAL_CONVERSION = YES;
				CLANG_WARN_OBJC_ROOT_CLASS = YES_ERROR;
				CLANG_WARN_QUOTED_INCLUDE_IN_FRAMEWORK_HEADER = YES;
				CLANG_WARN_RANGE_LOOP_ANALYSIS = YES;
				CLANG_WARN_STRICT_PROTOTYPES = YES;
				CLANG_WARN_SUSPICIOUS_MOVE = YES;
				CLANG_WARN_UNGUARDED_AVAILABILITY = YES_AGGRESSIVE;
				CLANG_WARN_UNREACHABLE_CODE = YES;
				CLANG_WARN__DUPLICATE_METHOD_MATCH = YES;
				COPY_PHASE_STRIP = NO;
				CURRENT_PROJECT_VERSION = 5;
				DEBUG_INFORMATION_FORMAT = dwarf;
				ENABLE_STRICT_OBJC_MSGSEND = YES;
				ENABLE_TESTABILITY = YES;
				GCC_C_LANGUAGE_STANDARD = gnu11;
				GCC_DYNAMIC_NO_PIC = NO;
				GCC_NO_COMMON_BLOCKS = YES;
				GCC_OPTIMIZATION_LEVEL = 0;
				GCC_PREPROCESSOR_DEFINITIONS = (
					"DEBUG=1",
					"$(inherited)",
				);
				GCC_WARN_64_TO_32_BIT_CONVERSION = YES;
				GCC_WARN_ABOUT_RETURN_TYPE = YES_ERROR;
				GCC_WARN_UNDECLARED_SELECTOR = YES;
				GCC_WARN_UNINITIALIZED_AUTOS = YES_AGGRESSIVE;
				GCC_WARN_UNUSED_FUNCTION = YES;
				GCC_WARN_UNUSED_VARIABLE = YES;
				IPHONEOS_DEPLOYMENT_TARGET = 14.0;
				MARKETING_VERSION = 3.0.0;
				MTL_ENABLE_DEBUG_INFO = INCLUDE_SOURCE;
				MTL_FAST_MATH = YES;
				ONLY_ACTIVE_ARCH = YES;
				SDKROOT = iphoneos;
				SWIFT_ACTIVE_COMPILATION_CONDITIONS = DEBUG;
				SWIFT_OPTIMIZATION_LEVEL = "-Onone";
			};
			name = "Debug-Test";
		};
		F2D0E2872AF14E910019F061 /* Debug-Test */ = {
			isa = XCBuildConfiguration;
			buildSettings = {
				ALWAYS_EMBED_SWIFT_STANDARD_LIBRARIES = YES;
				ASSETCATALOG_COMPILER_APPICON_NAME = AppIcon.test.dev;
				ASSETCATALOG_COMPILER_GLOBAL_ACCENT_COLOR_NAME = AccentColor;
				ASSETCATALOG_COMPILER_INCLUDE_ALL_APPICON_ASSETS = NO;
				CODE_SIGN_ENTITLEMENTS = Sample/Sample.test.dev.entitlements;
				CODE_SIGN_STYLE = Automatic;
				DEVELOPMENT_TEAM = E3J9DDFVP4;
				INFOPLIST_FILE = Sample/Info.plist;
				INFOPLIST_KEY_UILaunchScreen_Generation = NO;
				INFOPLIST_KEY_UISupportedInterfaceOrientations = "";
				LD_RUNPATH_SEARCH_PATHS = (
					"$(inherited)",
					"@executable_path/Frameworks",
				);
				NOTIFICARE_APPLICATION_ID = 585702253cad4414df0e3b20;
				PRODUCT_BUNDLE_IDENTIFIER = re.notifica.sample.app.test.dev;
				PRODUCT_NAME = "$(TARGET_NAME)";
				SWIFT_VERSION = 5.0;
				TARGETED_DEVICE_FAMILY = "1,2";
			};
			name = "Debug-Test";
		};
		F2D0E2882AF14E910019F061 /* Debug-Test */ = {
			isa = XCBuildConfiguration;
			buildSettings = {
				CODE_SIGN_STYLE = Automatic;
				DEVELOPMENT_TEAM = E3J9DDFVP4;
				INFOPLIST_FILE = NotificationService/Info.plist;
				LD_RUNPATH_SEARCH_PATHS = (
					"$(inherited)",
					"@executable_path/Frameworks",
					"@executable_path/../../Frameworks",
				);
				PRODUCT_BUNDLE_IDENTIFIER = "re.notifica.sample.app.test.dev.notification-service-extension";
				PRODUCT_NAME = "$(TARGET_NAME)";
				SKIP_INSTALL = YES;
				SWIFT_VERSION = 5.0;
				TARGETED_DEVICE_FAMILY = "1,2";
			};
			name = "Debug-Test";
		};
		F2D0E2892AF14E910019F061 /* Debug-Test */ = {
			isa = XCBuildConfiguration;
			buildSettings = {
				ASSETCATALOG_COMPILER_GLOBAL_ACCENT_COLOR_NAME = AccentColor;
				ASSETCATALOG_COMPILER_WIDGET_BACKGROUND_COLOR_NAME = WidgetBackground;
				CLANG_CXX_LANGUAGE_STANDARD = "gnu++20";
				CODE_SIGN_STYLE = Automatic;
				DEVELOPMENT_TEAM = E3J9DDFVP4;
				GENERATE_INFOPLIST_FILE = YES;
				INFOPLIST_FILE = WidgetExtension/Info.plist;
				INFOPLIST_KEY_CFBundleDisplayName = WidgetExtension;
				INFOPLIST_KEY_NSHumanReadableCopyright = "Copyright © 2022 Notificare. All rights reserved.";
				IPHONEOS_DEPLOYMENT_TARGET = 16.1;
				LD_RUNPATH_SEARCH_PATHS = (
					"$(inherited)",
					"@executable_path/Frameworks",
					"@executable_path/../../Frameworks",
				);
				PRODUCT_BUNDLE_IDENTIFIER = "re.notifica.sample.app.test.dev.widget-extension";
				PRODUCT_NAME = "$(TARGET_NAME)";
				SKIP_INSTALL = YES;
				SWIFT_EMIT_LOC_STRINGS = YES;
				SWIFT_VERSION = 5.0;
				TARGETED_DEVICE_FAMILY = "1,2";
			};
			name = "Debug-Test";
		};
		F2EAF9162AF51D9400A2CC0C /* Release-Test */ = {
			isa = XCBuildConfiguration;
			buildSettings = {
				ALWAYS_SEARCH_USER_PATHS = NO;
				ASSETCATALOG_COMPILER_GENERATE_SWIFT_ASSET_SYMBOL_EXTENSIONS = YES;
				BUNDLE_IDENTIFIER_SUFFIX = .test;
				CLANG_ANALYZER_NONNULL = YES;
				CLANG_ANALYZER_NUMBER_OBJECT_CONVERSION = YES_AGGRESSIVE;
				CLANG_CXX_LANGUAGE_STANDARD = "gnu++14";
				CLANG_CXX_LIBRARY = "libc++";
				CLANG_ENABLE_MODULES = YES;
				CLANG_ENABLE_OBJC_ARC = YES;
				CLANG_ENABLE_OBJC_WEAK = YES;
				CLANG_WARN_BLOCK_CAPTURE_AUTORELEASING = YES;
				CLANG_WARN_BOOL_CONVERSION = YES;
				CLANG_WARN_COMMA = YES;
				CLANG_WARN_CONSTANT_CONVERSION = YES;
				CLANG_WARN_DEPRECATED_OBJC_IMPLEMENTATIONS = YES;
				CLANG_WARN_DIRECT_OBJC_ISA_USAGE = YES_ERROR;
				CLANG_WARN_DOCUMENTATION_COMMENTS = YES;
				CLANG_WARN_EMPTY_BODY = YES;
				CLANG_WARN_ENUM_CONVERSION = YES;
				CLANG_WARN_INFINITE_RECURSION = YES;
				CLANG_WARN_INT_CONVERSION = YES;
				CLANG_WARN_NON_LITERAL_NULL_CONVERSION = YES;
				CLANG_WARN_OBJC_IMPLICIT_RETAIN_SELF = YES;
				CLANG_WARN_OBJC_LITERAL_CONVERSION = YES;
				CLANG_WARN_OBJC_ROOT_CLASS = YES_ERROR;
				CLANG_WARN_QUOTED_INCLUDE_IN_FRAMEWORK_HEADER = YES;
				CLANG_WARN_RANGE_LOOP_ANALYSIS = YES;
				CLANG_WARN_STRICT_PROTOTYPES = YES;
				CLANG_WARN_SUSPICIOUS_MOVE = YES;
				CLANG_WARN_UNGUARDED_AVAILABILITY = YES_AGGRESSIVE;
				CLANG_WARN_UNREACHABLE_CODE = YES;
				CLANG_WARN__DUPLICATE_METHOD_MATCH = YES;
				COPY_PHASE_STRIP = NO;
				CURRENT_PROJECT_VERSION = 5;
				DEBUG_INFORMATION_FORMAT = "dwarf-with-dsym";
				ENABLE_NS_ASSERTIONS = NO;
				ENABLE_STRICT_OBJC_MSGSEND = YES;
				GCC_C_LANGUAGE_STANDARD = gnu11;
				GCC_NO_COMMON_BLOCKS = YES;
				GCC_WARN_64_TO_32_BIT_CONVERSION = YES;
				GCC_WARN_ABOUT_RETURN_TYPE = YES_ERROR;
				GCC_WARN_UNDECLARED_SELECTOR = YES;
				GCC_WARN_UNINITIALIZED_AUTOS = YES_AGGRESSIVE;
				GCC_WARN_UNUSED_FUNCTION = YES;
				GCC_WARN_UNUSED_VARIABLE = YES;
				IPHONEOS_DEPLOYMENT_TARGET = 14.0;
				MARKETING_VERSION = 3.0.0;
				MTL_ENABLE_DEBUG_INFO = NO;
				MTL_FAST_MATH = YES;
				SDKROOT = iphoneos;
				SWIFT_COMPILATION_MODE = wholemodule;
				SWIFT_OPTIMIZATION_LEVEL = "-O";
				VALIDATE_PRODUCT = YES;
			};
			name = "Release-Test";
		};
		F2EAF9172AF51D9400A2CC0C /* Release-Test */ = {
			isa = XCBuildConfiguration;
			buildSettings = {
				ALWAYS_EMBED_SWIFT_STANDARD_LIBRARIES = YES;
				ASSETCATALOG_COMPILER_APPICON_NAME = AppIcon.test;
				ASSETCATALOG_COMPILER_GLOBAL_ACCENT_COLOR_NAME = AccentColor;
				ASSETCATALOG_COMPILER_INCLUDE_ALL_APPICON_ASSETS = NO;
				CODE_SIGN_ENTITLEMENTS = Sample/Sample.test.entitlements;
				CODE_SIGN_STYLE = Automatic;
				DEVELOPMENT_TEAM = E3J9DDFVP4;
				INFOPLIST_FILE = Sample/Info.plist;
				INFOPLIST_KEY_UILaunchScreen_Generation = NO;
				INFOPLIST_KEY_UISupportedInterfaceOrientations = "";
				LD_RUNPATH_SEARCH_PATHS = (
					"$(inherited)",
					"@executable_path/Frameworks",
				);
				NOTIFICARE_APPLICATION_ID = 585702253cad4414df0e3b20;
				PRODUCT_BUNDLE_IDENTIFIER = re.notifica.sample.app.test;
				PRODUCT_NAME = "$(TARGET_NAME)";
				SWIFT_VERSION = 5.0;
				TARGETED_DEVICE_FAMILY = "1,2";
			};
			name = "Release-Test";
		};
		F2EAF9182AF51D9400A2CC0C /* Release-Test */ = {
			isa = XCBuildConfiguration;
			buildSettings = {
				CODE_SIGN_STYLE = Automatic;
				DEVELOPMENT_TEAM = E3J9DDFVP4;
				INFOPLIST_FILE = NotificationService/Info.plist;
				LD_RUNPATH_SEARCH_PATHS = (
					"$(inherited)",
					"@executable_path/Frameworks",
					"@executable_path/../../Frameworks",
				);
				PRODUCT_BUNDLE_IDENTIFIER = "re.notifica.sample.app.test.notification-service-extension";
				PRODUCT_NAME = "$(TARGET_NAME)";
				SKIP_INSTALL = YES;
				SWIFT_VERSION = 5.0;
				TARGETED_DEVICE_FAMILY = "1,2";
			};
			name = "Release-Test";
		};
		F2EAF9192AF51D9400A2CC0C /* Release-Test */ = {
			isa = XCBuildConfiguration;
			buildSettings = {
				ASSETCATALOG_COMPILER_GLOBAL_ACCENT_COLOR_NAME = AccentColor;
				ASSETCATALOG_COMPILER_WIDGET_BACKGROUND_COLOR_NAME = WidgetBackground;
				CLANG_CXX_LANGUAGE_STANDARD = "gnu++20";
				CODE_SIGN_STYLE = Automatic;
				DEVELOPMENT_TEAM = E3J9DDFVP4;
				GENERATE_INFOPLIST_FILE = YES;
				INFOPLIST_FILE = WidgetExtension/Info.plist;
				INFOPLIST_KEY_CFBundleDisplayName = WidgetExtension;
				INFOPLIST_KEY_NSHumanReadableCopyright = "Copyright © 2022 Notificare. All rights reserved.";
				IPHONEOS_DEPLOYMENT_TARGET = 16.1;
				LD_RUNPATH_SEARCH_PATHS = (
					"$(inherited)",
					"@executable_path/Frameworks",
					"@executable_path/../../Frameworks",
				);
				PRODUCT_BUNDLE_IDENTIFIER = "re.notifica.sample.app.test.widget-extension";
				PRODUCT_NAME = "$(TARGET_NAME)";
				SKIP_INSTALL = YES;
				SWIFT_EMIT_LOC_STRINGS = YES;
				SWIFT_VERSION = 5.0;
				TARGETED_DEVICE_FAMILY = "1,2";
			};
			name = "Release-Test";
		};
		F2EB435429350B3700AFDBD3 /* Debug-Production */ = {
			isa = XCBuildConfiguration;
			buildSettings = {
				ASSETCATALOG_COMPILER_GLOBAL_ACCENT_COLOR_NAME = AccentColor;
				ASSETCATALOG_COMPILER_WIDGET_BACKGROUND_COLOR_NAME = WidgetBackground;
				CLANG_CXX_LANGUAGE_STANDARD = "gnu++20";
				CODE_SIGN_STYLE = Automatic;
				DEVELOPMENT_TEAM = E3J9DDFVP4;
				GENERATE_INFOPLIST_FILE = YES;
				INFOPLIST_FILE = WidgetExtension/Info.plist;
				INFOPLIST_KEY_CFBundleDisplayName = WidgetExtension;
				INFOPLIST_KEY_NSHumanReadableCopyright = "Copyright © 2022 Notificare. All rights reserved.";
				IPHONEOS_DEPLOYMENT_TARGET = 16.1;
				LD_RUNPATH_SEARCH_PATHS = (
					"$(inherited)",
					"@executable_path/Frameworks",
					"@executable_path/../../Frameworks",
				);
				PRODUCT_BUNDLE_IDENTIFIER = "re.notifica.sample.app.dev.widget-extension";
				PRODUCT_NAME = "$(TARGET_NAME)";
				SKIP_INSTALL = YES;
				SWIFT_EMIT_LOC_STRINGS = YES;
				SWIFT_VERSION = 5.0;
				TARGETED_DEVICE_FAMILY = "1,2";
			};
			name = "Debug-Production";
		};
		F2EB435529350B3700AFDBD3 /* Release-Production */ = {
			isa = XCBuildConfiguration;
			buildSettings = {
				ASSETCATALOG_COMPILER_GLOBAL_ACCENT_COLOR_NAME = AccentColor;
				ASSETCATALOG_COMPILER_WIDGET_BACKGROUND_COLOR_NAME = WidgetBackground;
				CLANG_CXX_LANGUAGE_STANDARD = "gnu++20";
				CODE_SIGN_STYLE = Automatic;
				DEVELOPMENT_TEAM = E3J9DDFVP4;
				GENERATE_INFOPLIST_FILE = YES;
				INFOPLIST_FILE = WidgetExtension/Info.plist;
				INFOPLIST_KEY_CFBundleDisplayName = WidgetExtension;
				INFOPLIST_KEY_NSHumanReadableCopyright = "Copyright © 2022 Notificare. All rights reserved.";
				IPHONEOS_DEPLOYMENT_TARGET = 16.1;
				LD_RUNPATH_SEARCH_PATHS = (
					"$(inherited)",
					"@executable_path/Frameworks",
					"@executable_path/../../Frameworks",
				);
				PRODUCT_BUNDLE_IDENTIFIER = "re.notifica.sample.app.widget-extension";
				PRODUCT_NAME = "$(TARGET_NAME)";
				SKIP_INSTALL = YES;
				SWIFT_EMIT_LOC_STRINGS = YES;
				SWIFT_VERSION = 5.0;
				TARGETED_DEVICE_FAMILY = "1,2";
			};
			name = "Release-Production";
		};
		F2F41D7E25CD651D0010260B /* Debug-Production */ = {
			isa = XCBuildConfiguration;
			buildSettings = {
				CODE_SIGN_STYLE = Automatic;
				DEVELOPMENT_TEAM = E3J9DDFVP4;
				INFOPLIST_FILE = NotificationService/Info.plist;
				LD_RUNPATH_SEARCH_PATHS = (
					"$(inherited)",
					"@executable_path/Frameworks",
					"@executable_path/../../Frameworks",
				);
				PRODUCT_BUNDLE_IDENTIFIER = "re.notifica.sample.app.dev.notification-service-extension";
				PRODUCT_NAME = "$(TARGET_NAME)";
				SKIP_INSTALL = YES;
				SWIFT_VERSION = 5.0;
				TARGETED_DEVICE_FAMILY = "1,2";
			};
			name = "Debug-Production";
		};
		F2F41D7F25CD651D0010260B /* Release-Production */ = {
			isa = XCBuildConfiguration;
			buildSettings = {
				CODE_SIGN_STYLE = Automatic;
				DEVELOPMENT_TEAM = E3J9DDFVP4;
				INFOPLIST_FILE = NotificationService/Info.plist;
				LD_RUNPATH_SEARCH_PATHS = (
					"$(inherited)",
					"@executable_path/Frameworks",
					"@executable_path/../../Frameworks",
				);
				PRODUCT_BUNDLE_IDENTIFIER = "re.notifica.sample.app.notification-service-extension";
				PRODUCT_NAME = "$(TARGET_NAME)";
				SKIP_INSTALL = YES;
				SWIFT_VERSION = 5.0;
				TARGETED_DEVICE_FAMILY = "1,2";
			};
			name = "Release-Production";
		};
/* End XCBuildConfiguration section */

/* Begin XCConfigurationList section */
		F29FD1EF24CB1FE1004B166D /* Build configuration list for PBXProject "Sample" */ = {
			isa = XCConfigurationList;
			buildConfigurations = (
				F29FD20624CB1FE3004B166D /* Debug-Production */,
				F2D0E2862AF14E910019F061 /* Debug-Test */,
				F29FD20724CB1FE3004B166D /* Release-Production */,
				F2EAF9162AF51D9400A2CC0C /* Release-Test */,
			);
			defaultConfigurationIsVisible = 0;
			defaultConfigurationName = "Release-Production";
		};
		F29FD20824CB1FE3004B166D /* Build configuration list for PBXNativeTarget "Sample" */ = {
			isa = XCConfigurationList;
			buildConfigurations = (
				F29FD20924CB1FE3004B166D /* Debug-Production */,
				F2D0E2872AF14E910019F061 /* Debug-Test */,
				F29FD20A24CB1FE3004B166D /* Release-Production */,
				F2EAF9172AF51D9400A2CC0C /* Release-Test */,
			);
			defaultConfigurationIsVisible = 0;
			defaultConfigurationName = "Release-Production";
		};
		F2EB435329350B3700AFDBD3 /* Build configuration list for PBXNativeTarget "WidgetExtension" */ = {
			isa = XCConfigurationList;
			buildConfigurations = (
				F2EB435429350B3700AFDBD3 /* Debug-Production */,
				F2D0E2892AF14E910019F061 /* Debug-Test */,
				F2EB435529350B3700AFDBD3 /* Release-Production */,
				F2EAF9192AF51D9400A2CC0C /* Release-Test */,
			);
			defaultConfigurationIsVisible = 0;
			defaultConfigurationName = "Release-Production";
		};
		F2F41D7D25CD651D0010260B /* Build configuration list for PBXNativeTarget "NotificationService" */ = {
			isa = XCConfigurationList;
			buildConfigurations = (
				F2F41D7E25CD651D0010260B /* Debug-Production */,
				F2D0E2882AF14E910019F061 /* Debug-Test */,
				F2F41D7F25CD651D0010260B /* Release-Production */,
				F2EAF9182AF51D9400A2CC0C /* Release-Test */,
			);
			defaultConfigurationIsVisible = 0;
			defaultConfigurationName = "Release-Production";
		};
/* End XCConfigurationList section */

/* Begin XCRemoteSwiftPackageReference section */
		1A8C30EF2BF639940000BFA6 /* XCRemoteSwiftPackageReference "SwiftLint" */ = {
			isa = XCRemoteSwiftPackageReference;
			repositoryURL = "https://github.com/realm/SwiftLint";
			requirement = {
				kind = upToNextMajorVersion;
				minimumVersion = 0.55.0;
			};
		};
/* End XCRemoteSwiftPackageReference section */

/* Begin XCSwiftPackageProductDependency section */
		F236119D2C7E3AAD0063C446 /* SwiftLintBuildToolPlugin */ = {
			isa = XCSwiftPackageProductDependency;
			package = 1A8C30EF2BF639940000BFA6 /* XCRemoteSwiftPackageReference "SwiftLint" */;
			productName = "plugin:SwiftLintBuildToolPlugin";
		};
/* End XCSwiftPackageProductDependency section */
	};
	rootObject = F29FD1EC24CB1FE1004B166D /* Project object */;
}
