// !$*UTF8*$!
{
	archiveVersion = 1;
	classes = {
	};
	objectVersion = 50;
	objects = {

/* Begin PBXBuildFile section */
		42A200BD7785C894011591B1 /* NotificareUtils.swift in Sources */ = {isa = PBXBuildFile; fileRef = 42A201B8D612EF312C18627B /* NotificareUtils.swift */; };
		42A200E1AA00A24253665C63 /* URLSession+Retry.swift in Sources */ = {isa = PBXBuildFile; fileRef = 42A20D5667524C87652257B5 /* URLSession+Retry.swift */; };
		42A2011DB7750225B7C9D3E2 /* NotificareBootstrap.m in Sources */ = {isa = PBXBuildFile; fileRef = 42A205DF5970468FB18808F5 /* NotificareBootstrap.m */; };
		42A201A3F80D5668FF5D6759 /* NotificareBootstrap.h in Headers */ = {isa = PBXBuildFile; fileRef = 42A20450A15AAC914DBC800F /* NotificareBootstrap.h */; };
		42A201D0C1EC33CE1EF188A4 /* NotificareDeviceUpdateBluetoothState.swift in Sources */ = {isa = PBXBuildFile; fileRef = 42A20CD405465790DE15002F /* NotificareDeviceUpdateBluetoothState.swift */; };
		42A20389A56033CA45A7973B /* NotificareSwizzler.swift in Sources */ = {isa = PBXBuildFile; fileRef = 42A2059D74331E97E84F7649 /* NotificareSwizzler.swift */; };
		42A204DF76302D72690E9F7A /* NotificareNetworkError.swift in Sources */ = {isa = PBXBuildFile; fileRef = 42A20ACD9317A7EB72200EA4 /* NotificareNetworkError.swift */; };
		42A2050889DA97185320D45B /* NotificareNotificationType.swift in Sources */ = {isa = PBXBuildFile; fileRef = 42A203C5C843683189F7F147 /* NotificareNotificationType.swift */; };
		42A20521F6E8138CF5F92453 /* NotificareDeviceUpdateLanguage.swift in Sources */ = {isa = PBXBuildFile; fileRef = 42A20EE82E4D1A110128B96D /* NotificareDeviceUpdateLanguage.swift */; };
		42A205F5C611FAF8746A4ADA /* URLRequest+Authentication.swift in Sources */ = {isa = PBXBuildFile; fileRef = 42A208EE14E3A449DAB125FA /* URLRequest+Authentication.swift */; };
		42A2062417BCBBA871B9934D /* NotificareAppDelegateInterceptor.swift in Sources */ = {isa = PBXBuildFile; fileRef = 42A20FB65AE760E9D711415C /* NotificareAppDelegateInterceptor.swift */; };
		42A206B0B1787BBC3D1A757C /* NotificareApplicationInfo.swift in Sources */ = {isa = PBXBuildFile; fileRef = 42A2016C07B2F366DDB30A85 /* NotificareApplicationInfo.swift */; };
		42A20777ACAC0550ED64C541 /* NotificareDeviceUpdateNotificationSettings.swift in Sources */ = {isa = PBXBuildFile; fileRef = 42A202573ADF0EC5B2444115 /* NotificareDeviceUpdateNotificationSettings.swift */; };
		42A2079D2C53AC4E350DCF4E /* NotificareUserDataFieldType.swift in Sources */ = {isa = PBXBuildFile; fileRef = 42A206AA99D4FE31CB2BF0A0 /* NotificareUserDataFieldType.swift */; };
		42A207D529B7F7770917822D /* NotificareDevice.swift in Sources */ = {isa = PBXBuildFile; fileRef = 42A20DE51F956B3A8FBAB402 /* NotificareDevice.swift */; };
		42A2081F8D099BF50C87B29E /* NotificareLocalStorage.swift in Sources */ = {isa = PBXBuildFile; fileRef = 42A20BF674CDFC918EC172AF /* NotificareLocalStorage.swift */; };
		42A20854525B27A0B50E4239 /* NotificareDeviceUpdateBackgroundAppRefresh.swift in Sources */ = {isa = PBXBuildFile; fileRef = 42A209A1566809594BA82594 /* NotificareDeviceUpdateBackgroundAppRefresh.swift */; };
		42A209C4A8C4D6819B57EE4F /* NotificareModuleFactory.swift in Sources */ = {isa = PBXBuildFile; fileRef = 42A203F2CC4F71324DC1E758 /* NotificareModuleFactory.swift */; };
		42A209FC9756E9EE16BF5B22 /* NotificareLaunchManager.swift in Sources */ = {isa = PBXBuildFile; fileRef = 42A205CDE4BE2BC47AC79362 /* NotificareLaunchManager.swift */; };
		42A20A18C4B0AD218F0B7E70 /* NotificareTransport.swift in Sources */ = {isa = PBXBuildFile; fileRef = 42A2094F1471668D9F7C7043 /* NotificareTransport.swift */; };
		42A20A7693D14ADAE3CE5FAF /* Data+Hex.swift in Sources */ = {isa = PBXBuildFile; fileRef = 42A20992756A431245A3D5F7 /* Data+Hex.swift */; };
		42A20A80F9760507F22AFC69 /* NotificareDeviceDnD.swift in Sources */ = {isa = PBXBuildFile; fileRef = 42A2057D4FF378546BA78FA3 /* NotificareDeviceDnD.swift */; };
		42A20A8202602F357473A0EC /* DeviceTagsResponse.swift in Sources */ = {isa = PBXBuildFile; fileRef = 42A20B3065832FD6345EDD14 /* DeviceTagsResponse.swift */; };
		42A20AADA1819A301F7A6FFF /* NotificareConstants.swift in Sources */ = {isa = PBXBuildFile; fileRef = 42A20A9FA4D4D339568EBD79 /* NotificareConstants.swift */; };
		42A20AADCFB1A2AF5D9703F7 /* NotificarePushApi.swift in Sources */ = {isa = PBXBuildFile; fileRef = 42A209A71E0E97443A11A01F /* NotificarePushApi.swift */; };
		42A20B6537AFE9B92385C5CF /* ApplicationInfoResponse.swift in Sources */ = {isa = PBXBuildFile; fileRef = 42A20ED52E1877D2A6478530 /* ApplicationInfoResponse.swift */; };
		42A20C4420B6F4CD82C845D0 /* JSONValue.swift in Sources */ = {isa = PBXBuildFile; fileRef = 42A20848D25903BF957A419E /* JSONValue.swift */; };
		42A20CAE308280FC80D81C29 /* NotificareDeviceRegistration.swift in Sources */ = {isa = PBXBuildFile; fileRef = 42A20CD7A648C01887C59D70 /* NotificareDeviceRegistration.swift */; };
		42A20CCB8A76FCFAD9A70759 /* NotificareDeviceUpdateLocation.swift in Sources */ = {isa = PBXBuildFile; fileRef = 42A20E5BB237248C3A4FF492 /* NotificareDeviceUpdateLocation.swift */; };
		42A20D3C5FEB5D3146FE5523 /* NotificareNotificationAction.swift in Sources */ = {isa = PBXBuildFile; fileRef = 42A20011E65906840A3D6F8F /* NotificareNotificationAction.swift */; };
		42A20DA506BCDC4A7B8ACEAA /* NotificareDeviceManager.swift in Sources */ = {isa = PBXBuildFile; fileRef = 42A20C13B79FEEC5DD556468 /* NotificareDeviceManager.swift */; };
		42A20DF7449245801169DBFC /* NotificareDeviceUpdateTimezone.swift in Sources */ = {isa = PBXBuildFile; fileRef = 42A20E1D1A9D36BEAC8C3C27 /* NotificareDeviceUpdateTimezone.swift */; };
		42A20F5A817E461AD741CEF0 /* NotificareAutoLauncher.swift in Sources */ = {isa = PBXBuildFile; fileRef = 42A20A542B5A23849B81C344 /* NotificareAutoLauncher.swift */; };
		42A20FD7791BD275D8A3A0E5 /* NotificareError.swift in Sources */ = {isa = PBXBuildFile; fileRef = 42A20228EB70EA83D835BF01 /* NotificareError.swift */; };
		F225B9FB24E58F0D00768999 /* NotificareEventLogger.swift in Sources */ = {isa = PBXBuildFile; fileRef = F225B9FA24E58F0D00768999 /* NotificareEventLogger.swift */; };
		F23E3C3324D8267000044574 /* NotificareDelegate.swift in Sources */ = {isa = PBXBuildFile; fileRef = F23E3C3224D8267000044574 /* NotificareDelegate.swift */; };
		F258DD5624BC4DBC006F9ABD /* NotificareSDK.framework in Frameworks */ = {isa = PBXBuildFile; fileRef = F258DD4C24BC4DBB006F9ABD /* NotificareSDK.framework */; };
		F258DD5B24BC4DBC006F9ABD /* CoreTests.swift in Sources */ = {isa = PBXBuildFile; fileRef = F258DD5A24BC4DBC006F9ABD /* CoreTests.swift */; };
		F258DD5D24BC4DBC006F9ABD /* Notificare.h in Headers */ = {isa = PBXBuildFile; fileRef = F258DD4F24BC4DBB006F9ABD /* Notificare.h */; settings = {ATTRIBUTES = (Public, ); }; };
		F258DE4424BC68CB006F9ABD /* Notificare.swift in Sources */ = {isa = PBXBuildFile; fileRef = F258DE4324BC68CB006F9ABD /* Notificare.swift */; };
		F258DE4724BC69A9006F9ABD /* NotificarePushManager.swift in Sources */ = {isa = PBXBuildFile; fileRef = F258DE4624BC69A9006F9ABD /* NotificarePushManager.swift */; };
		F258DE4924BC69C1006F9ABD /* NotificareLocationManager.swift in Sources */ = {isa = PBXBuildFile; fileRef = F258DE4824BC69C1006F9ABD /* NotificareLocationManager.swift */; };
		F258DE4D24BC6C8B006F9ABD /* NotificareLogger.swift in Sources */ = {isa = PBXBuildFile; fileRef = F258DE4C24BC6C8B006F9ABD /* NotificareLogger.swift */; };
		F258DEC024BC9BB1006F9ABD /* NotificareConfiguration.swift in Sources */ = {isa = PBXBuildFile; fileRef = F258DEBF24BC9BB1006F9ABD /* NotificareConfiguration.swift */; };
		F26718F0250157C200B70A40 /* NotificareEvent.swift in Sources */ = {isa = PBXBuildFile; fileRef = F26718EF250157C200B70A40 /* NotificareEvent.swift */; };
		F26718FA25017DD600B70A40 /* NotificareCoreData.xcdatamodeld in Sources */ = {isa = PBXBuildFile; fileRef = F26718F825017DD600B70A40 /* NotificareCoreData.xcdatamodeld */; };
		F29DA38125022170004CCB8F /* NotificareCoreDataManager.swift in Sources */ = {isa = PBXBuildFile; fileRef = F29DA38025022170004CCB8F /* NotificareCoreDataManager.swift */; };
		F29DA38325024753004CCB8F /* NotificareEvent+CoreData.swift in Sources */ = {isa = PBXBuildFile; fileRef = F29DA38225024753004CCB8F /* NotificareEvent+CoreData.swift */; };
		F2EF110624C9CFA3001A81CE /* NotificareEnvironment.swift in Sources */ = {isa = PBXBuildFile; fileRef = F2EF110524C9CFA3001A81CE /* NotificareEnvironment.swift */; };
/* End PBXBuildFile section */

/* Begin PBXContainerItemProxy section */
		F258DD5724BC4DBC006F9ABD /* PBXContainerItemProxy */ = {
			isa = PBXContainerItemProxy;
			containerPortal = F258DD4324BC4DBB006F9ABD /* Project object */;
			proxyType = 1;
			remoteGlobalIDString = F258DD4B24BC4DBB006F9ABD;
			remoteInfo = Core;
		};
/* End PBXContainerItemProxy section */

/* Begin PBXFileReference section */
		42A20011E65906840A3D6F8F /* NotificareNotificationAction.swift */ = {isa = PBXFileReference; fileEncoding = 4; lastKnownFileType = sourcecode.swift; path = NotificareNotificationAction.swift; sourceTree = "<group>"; };
		42A2016C07B2F366DDB30A85 /* NotificareApplicationInfo.swift */ = {isa = PBXFileReference; fileEncoding = 4; lastKnownFileType = sourcecode.swift; path = NotificareApplicationInfo.swift; sourceTree = "<group>"; };
		42A201B8D612EF312C18627B /* NotificareUtils.swift */ = {isa = PBXFileReference; fileEncoding = 4; lastKnownFileType = sourcecode.swift; path = NotificareUtils.swift; sourceTree = "<group>"; };
		42A20228EB70EA83D835BF01 /* NotificareError.swift */ = {isa = PBXFileReference; fileEncoding = 4; lastKnownFileType = sourcecode.swift; path = NotificareError.swift; sourceTree = "<group>"; };
		42A202573ADF0EC5B2444115 /* NotificareDeviceUpdateNotificationSettings.swift */ = {isa = PBXFileReference; fileEncoding = 4; lastKnownFileType = sourcecode.swift; path = NotificareDeviceUpdateNotificationSettings.swift; sourceTree = "<group>"; };
		42A203C5C843683189F7F147 /* NotificareNotificationType.swift */ = {isa = PBXFileReference; fileEncoding = 4; lastKnownFileType = sourcecode.swift; path = NotificareNotificationType.swift; sourceTree = "<group>"; };
		42A203F2CC4F71324DC1E758 /* NotificareModuleFactory.swift */ = {isa = PBXFileReference; fileEncoding = 4; lastKnownFileType = sourcecode.swift; path = NotificareModuleFactory.swift; sourceTree = "<group>"; };
		42A20450A15AAC914DBC800F /* NotificareBootstrap.h */ = {isa = PBXFileReference; fileEncoding = 4; lastKnownFileType = sourcecode.c.h; path = NotificareBootstrap.h; sourceTree = "<group>"; };
		42A2057D4FF378546BA78FA3 /* NotificareDeviceDnD.swift */ = {isa = PBXFileReference; fileEncoding = 4; lastKnownFileType = sourcecode.swift; path = NotificareDeviceDnD.swift; sourceTree = "<group>"; };
		42A2059D74331E97E84F7649 /* NotificareSwizzler.swift */ = {isa = PBXFileReference; fileEncoding = 4; lastKnownFileType = sourcecode.swift; path = NotificareSwizzler.swift; sourceTree = "<group>"; };
		42A205CDE4BE2BC47AC79362 /* NotificareLaunchManager.swift */ = {isa = PBXFileReference; fileEncoding = 4; lastKnownFileType = sourcecode.swift; path = NotificareLaunchManager.swift; sourceTree = "<group>"; };
		42A205DF5970468FB18808F5 /* NotificareBootstrap.m */ = {isa = PBXFileReference; fileEncoding = 4; lastKnownFileType = sourcecode.c.objc; path = NotificareBootstrap.m; sourceTree = "<group>"; };
		42A206AA99D4FE31CB2BF0A0 /* NotificareUserDataFieldType.swift */ = {isa = PBXFileReference; fileEncoding = 4; lastKnownFileType = sourcecode.swift; path = NotificareUserDataFieldType.swift; sourceTree = "<group>"; };
		42A20848D25903BF957A419E /* JSONValue.swift */ = {isa = PBXFileReference; fileEncoding = 4; lastKnownFileType = sourcecode.swift; path = JSONValue.swift; sourceTree = "<group>"; };
		42A208EE14E3A449DAB125FA /* URLRequest+Authentication.swift */ = {isa = PBXFileReference; fileEncoding = 4; lastKnownFileType = sourcecode.swift; path = "URLRequest+Authentication.swift"; sourceTree = "<group>"; };
		42A2094F1471668D9F7C7043 /* NotificareTransport.swift */ = {isa = PBXFileReference; fileEncoding = 4; lastKnownFileType = sourcecode.swift; path = NotificareTransport.swift; sourceTree = "<group>"; };
		42A20992756A431245A3D5F7 /* Data+Hex.swift */ = {isa = PBXFileReference; fileEncoding = 4; lastKnownFileType = sourcecode.swift; path = "Data+Hex.swift"; sourceTree = "<group>"; };
		42A209A1566809594BA82594 /* NotificareDeviceUpdateBackgroundAppRefresh.swift */ = {isa = PBXFileReference; fileEncoding = 4; lastKnownFileType = sourcecode.swift; path = NotificareDeviceUpdateBackgroundAppRefresh.swift; sourceTree = "<group>"; };
		42A209A71E0E97443A11A01F /* NotificarePushApi.swift */ = {isa = PBXFileReference; fileEncoding = 4; lastKnownFileType = sourcecode.swift; path = NotificarePushApi.swift; sourceTree = "<group>"; };
		42A20A542B5A23849B81C344 /* NotificareAutoLauncher.swift */ = {isa = PBXFileReference; fileEncoding = 4; lastKnownFileType = sourcecode.swift; path = NotificareAutoLauncher.swift; sourceTree = "<group>"; };
		42A20A9FA4D4D339568EBD79 /* NotificareConstants.swift */ = {isa = PBXFileReference; fileEncoding = 4; lastKnownFileType = sourcecode.swift; path = NotificareConstants.swift; sourceTree = "<group>"; };
		42A20ACD9317A7EB72200EA4 /* NotificareNetworkError.swift */ = {isa = PBXFileReference; fileEncoding = 4; lastKnownFileType = sourcecode.swift; path = NotificareNetworkError.swift; sourceTree = "<group>"; };
		42A20B3065832FD6345EDD14 /* DeviceTagsResponse.swift */ = {isa = PBXFileReference; fileEncoding = 4; lastKnownFileType = sourcecode.swift; path = DeviceTagsResponse.swift; sourceTree = "<group>"; };
		42A20BF674CDFC918EC172AF /* NotificareLocalStorage.swift */ = {isa = PBXFileReference; fileEncoding = 4; lastKnownFileType = sourcecode.swift; path = NotificareLocalStorage.swift; sourceTree = "<group>"; };
		42A20C13B79FEEC5DD556468 /* NotificareDeviceManager.swift */ = {isa = PBXFileReference; fileEncoding = 4; lastKnownFileType = sourcecode.swift; path = NotificareDeviceManager.swift; sourceTree = "<group>"; };
		42A20CD405465790DE15002F /* NotificareDeviceUpdateBluetoothState.swift */ = {isa = PBXFileReference; fileEncoding = 4; lastKnownFileType = sourcecode.swift; path = NotificareDeviceUpdateBluetoothState.swift; sourceTree = "<group>"; };
		42A20CD7A648C01887C59D70 /* NotificareDeviceRegistration.swift */ = {isa = PBXFileReference; fileEncoding = 4; lastKnownFileType = sourcecode.swift; path = NotificareDeviceRegistration.swift; sourceTree = "<group>"; };
		42A20D5667524C87652257B5 /* URLSession+Retry.swift */ = {isa = PBXFileReference; fileEncoding = 4; lastKnownFileType = sourcecode.swift; path = "URLSession+Retry.swift"; sourceTree = "<group>"; };
		42A20DE51F956B3A8FBAB402 /* NotificareDevice.swift */ = {isa = PBXFileReference; fileEncoding = 4; lastKnownFileType = sourcecode.swift; path = NotificareDevice.swift; sourceTree = "<group>"; };
		42A20E1D1A9D36BEAC8C3C27 /* NotificareDeviceUpdateTimezone.swift */ = {isa = PBXFileReference; fileEncoding = 4; lastKnownFileType = sourcecode.swift; path = NotificareDeviceUpdateTimezone.swift; sourceTree = "<group>"; };
		42A20E5BB237248C3A4FF492 /* NotificareDeviceUpdateLocation.swift */ = {isa = PBXFileReference; fileEncoding = 4; lastKnownFileType = sourcecode.swift; path = NotificareDeviceUpdateLocation.swift; sourceTree = "<group>"; };
		42A20ED52E1877D2A6478530 /* ApplicationInfoResponse.swift */ = {isa = PBXFileReference; fileEncoding = 4; lastKnownFileType = sourcecode.swift; path = ApplicationInfoResponse.swift; sourceTree = "<group>"; };
		42A20EE82E4D1A110128B96D /* NotificareDeviceUpdateLanguage.swift */ = {isa = PBXFileReference; fileEncoding = 4; lastKnownFileType = sourcecode.swift; path = NotificareDeviceUpdateLanguage.swift; sourceTree = "<group>"; };
		42A20FB65AE760E9D711415C /* NotificareAppDelegateInterceptor.swift */ = {isa = PBXFileReference; fileEncoding = 4; lastKnownFileType = sourcecode.swift; path = NotificareAppDelegateInterceptor.swift; sourceTree = "<group>"; };
		F225B9FA24E58F0D00768999 /* NotificareEventLogger.swift */ = {isa = PBXFileReference; fileEncoding = 4; lastKnownFileType = sourcecode.swift; path = NotificareEventLogger.swift; sourceTree = "<group>"; };
		F23E3C3224D8267000044574 /* NotificareDelegate.swift */ = {isa = PBXFileReference; lastKnownFileType = sourcecode.swift; path = NotificareDelegate.swift; sourceTree = "<group>"; };
		F258DD4C24BC4DBB006F9ABD /* NotificareSDK.framework */ = {isa = PBXFileReference; explicitFileType = wrapper.framework; includeInIndex = 0; path = NotificareSDK.framework; sourceTree = BUILT_PRODUCTS_DIR; };
		F258DD4F24BC4DBB006F9ABD /* Notificare.h */ = {isa = PBXFileReference; lastKnownFileType = sourcecode.c.h; path = Notificare.h; sourceTree = "<group>"; };
		F258DD5024BC4DBB006F9ABD /* Info.plist */ = {isa = PBXFileReference; lastKnownFileType = text.plist.xml; path = Info.plist; sourceTree = "<group>"; };
		F258DD5524BC4DBC006F9ABD /* NotificareSDKTests.xctest */ = {isa = PBXFileReference; explicitFileType = wrapper.cfbundle; includeInIndex = 0; path = NotificareSDKTests.xctest; sourceTree = BUILT_PRODUCTS_DIR; };
		F258DD5A24BC4DBC006F9ABD /* CoreTests.swift */ = {isa = PBXFileReference; lastKnownFileType = sourcecode.swift; path = CoreTests.swift; sourceTree = "<group>"; };
		F258DD5C24BC4DBC006F9ABD /* Info.plist */ = {isa = PBXFileReference; lastKnownFileType = text.plist.xml; path = Info.plist; sourceTree = "<group>"; };
		F258DE4324BC68CB006F9ABD /* Notificare.swift */ = {isa = PBXFileReference; lastKnownFileType = sourcecode.swift; path = Notificare.swift; sourceTree = "<group>"; };
		F258DE4624BC69A9006F9ABD /* NotificarePushManager.swift */ = {isa = PBXFileReference; lastKnownFileType = sourcecode.swift; path = NotificarePushManager.swift; sourceTree = "<group>"; };
		F258DE4824BC69C1006F9ABD /* NotificareLocationManager.swift */ = {isa = PBXFileReference; lastKnownFileType = sourcecode.swift; path = NotificareLocationManager.swift; sourceTree = "<group>"; };
		F258DE4C24BC6C8B006F9ABD /* NotificareLogger.swift */ = {isa = PBXFileReference; lastKnownFileType = sourcecode.swift; path = NotificareLogger.swift; sourceTree = "<group>"; };
		F258DEBF24BC9BB1006F9ABD /* NotificareConfiguration.swift */ = {isa = PBXFileReference; lastKnownFileType = sourcecode.swift; path = NotificareConfiguration.swift; sourceTree = "<group>"; };
		F26718EF250157C200B70A40 /* NotificareEvent.swift */ = {isa = PBXFileReference; lastKnownFileType = sourcecode.swift; path = NotificareEvent.swift; sourceTree = "<group>"; };
		F26718F925017DD600B70A40 /* NotificareCoreData.xcdatamodel */ = {isa = PBXFileReference; lastKnownFileType = wrapper.xcdatamodel; path = NotificareCoreData.xcdatamodel; sourceTree = "<group>"; };
		F29DA38025022170004CCB8F /* NotificareCoreDataManager.swift */ = {isa = PBXFileReference; lastKnownFileType = sourcecode.swift; path = NotificareCoreDataManager.swift; sourceTree = "<group>"; };
		F29DA38225024753004CCB8F /* NotificareEvent+CoreData.swift */ = {isa = PBXFileReference; lastKnownFileType = sourcecode.swift; path = "NotificareEvent+CoreData.swift"; sourceTree = "<group>"; };
		F2EF110524C9CFA3001A81CE /* NotificareEnvironment.swift */ = {isa = PBXFileReference; lastKnownFileType = sourcecode.swift; path = NotificareEnvironment.swift; sourceTree = "<group>"; };
/* End PBXFileReference section */

/* Begin PBXFrameworksBuildPhase section */
		F258DD4924BC4DBB006F9ABD /* Frameworks */ = {
			isa = PBXFrameworksBuildPhase;
			buildActionMask = 2147483647;
			files = (
			);
			runOnlyForDeploymentPostprocessing = 0;
		};
		F258DD5224BC4DBC006F9ABD /* Frameworks */ = {
			isa = PBXFrameworksBuildPhase;
			buildActionMask = 2147483647;
			files = (
				F258DD5624BC4DBC006F9ABD /* NotificareSDK.framework in Frameworks */,
			);
			runOnlyForDeploymentPostprocessing = 0;
		};
/* End PBXFrameworksBuildPhase section */

/* Begin PBXGroup section */
		42A2004E11A1CF2B5C38B5B0 /* Swizzling */ = {
			isa = PBXGroup;
			children = (
				42A2059D74331E97E84F7649 /* NotificareSwizzler.swift */,
				42A20FB65AE760E9D711415C /* NotificareAppDelegateInterceptor.swift */,
			);
			path = Swizzling;
			sourceTree = "<group>";
		};
		42A204B20E30B198AA5B0B6D /* Models */ = {
			isa = PBXGroup;
			children = (
				42A2016C07B2F366DDB30A85 /* NotificareApplicationInfo.swift */,
				42A20B008673C5EDCD7D3484 /* Enums */,
				42A20DE51F956B3A8FBAB402 /* NotificareDevice.swift */,
				42A20CD7A648C01887C59D70 /* NotificareDeviceRegistration.swift */,
				42A202573ADF0EC5B2444115 /* NotificareDeviceUpdateNotificationSettings.swift */,
				42A20E5BB237248C3A4FF492 /* NotificareDeviceUpdateLocation.swift */,
				42A20E1D1A9D36BEAC8C3C27 /* NotificareDeviceUpdateTimezone.swift */,
				42A20EE82E4D1A110128B96D /* NotificareDeviceUpdateLanguage.swift */,
				42A209A1566809594BA82594 /* NotificareDeviceUpdateBackgroundAppRefresh.swift */,
				42A20CD405465790DE15002F /* NotificareDeviceUpdateBluetoothState.swift */,
				42A2057D4FF378546BA78FA3 /* NotificareDeviceDnD.swift */,
				F26718EF250157C200B70A40 /* NotificareEvent.swift */,
			);
			path = Models;
			sourceTree = "<group>";
		};
		42A2084EFD16DD8C08F8B711 /* Responses */ = {
			isa = PBXGroup;
			children = (
				42A20ED52E1877D2A6478530 /* ApplicationInfoResponse.swift */,
				42A20B3065832FD6345EDD14 /* DeviceTagsResponse.swift */,
			);
			path = Responses;
			sourceTree = "<group>";
		};
		42A20B008673C5EDCD7D3484 /* Enums */ = {
			isa = PBXGroup;
			children = (
				42A203C5C843683189F7F147 /* NotificareNotificationType.swift */,
				42A206AA99D4FE31CB2BF0A0 /* NotificareUserDataFieldType.swift */,
				42A20011E65906840A3D6F8F /* NotificareNotificationAction.swift */,
				42A2094F1471668D9F7C7043 /* NotificareTransport.swift */,
			);
			path = Enums;
			sourceTree = "<group>";
		};
		42A20B74D9C5CA3A0AC0A9A7 /* Extensions */ = {
			isa = PBXGroup;
			children = (
				42A20D5667524C87652257B5 /* URLSession+Retry.swift */,
				42A208EE14E3A449DAB125FA /* URLRequest+Authentication.swift */,
				42A20992756A431245A3D5F7 /* Data+Hex.swift */,
			);
			path = Extensions;
			sourceTree = "<group>";
		};
		42A20C0CDE4537B02C3B0D33 /* Utilities */ = {
			isa = PBXGroup;
			children = (
				42A201B8D612EF312C18627B /* NotificareUtils.swift */,
				42A203F2CC4F71324DC1E758 /* NotificareModuleFactory.swift */,
				42A20848D25903BF957A419E /* JSONValue.swift */,
			);
			path = Utilities;
			sourceTree = "<group>";
		};
		42A20D17A4EF88ED36EA223F /* Bootstrap */ = {
			isa = PBXGroup;
			children = (
				42A20450A15AAC914DBC800F /* NotificareBootstrap.h */,
				42A205DF5970468FB18808F5 /* NotificareBootstrap.m */,
				42A20A542B5A23849B81C344 /* NotificareAutoLauncher.swift */,
			);
			path = Bootstrap;
			sourceTree = "<group>";
		};
		42A20E1B11DBCE03A4402205 /* Network */ = {
			isa = PBXGroup;
			children = (
				42A209A71E0E97443A11A01F /* NotificarePushApi.swift */,
				42A204B20E30B198AA5B0B6D /* Models */,
				42A2084EFD16DD8C08F8B711 /* Responses */,
				42A20ACD9317A7EB72200EA4 /* NotificareNetworkError.swift */,
			);
			path = Network;
			sourceTree = "<group>";
		};
		F258DD4224BC4DBB006F9ABD = {
			isa = PBXGroup;
			children = (
				F258DD4E24BC4DBB006F9ABD /* Sources */,
				F258DD5924BC4DBC006F9ABD /* Tests */,
				F258DD4D24BC4DBB006F9ABD /* Products */,
			);
			sourceTree = "<group>";
		};
		F258DD4D24BC4DBB006F9ABD /* Products */ = {
			isa = PBXGroup;
			children = (
				F258DD4C24BC4DBB006F9ABD /* NotificareSDK.framework */,
				F258DD5524BC4DBC006F9ABD /* NotificareSDKTests.xctest */,
			);
			name = Products;
			sourceTree = "<group>";
		};
		F258DD4E24BC4DBB006F9ABD /* Sources */ = {
			isa = PBXGroup;
			children = (
				42A20D17A4EF88ED36EA223F /* Bootstrap */,
				F29DA37F25022154004CCB8F /* CoreData */,
				42A20B74D9C5CA3A0AC0A9A7 /* Extensions */,
				F258DE4524BC699A006F9ABD /* Modules */,
				42A20E1B11DBCE03A4402205 /* Network */,
				42A2004E11A1CF2B5C38B5B0 /* Swizzling */,
				42A20C0CDE4537B02C3B0D33 /* Utilities */,
				F258DD5024BC4DBB006F9ABD /* Info.plist */,
				F258DD4F24BC4DBB006F9ABD /* Notificare.h */,
				F258DE4324BC68CB006F9ABD /* Notificare.swift */,
				F258DEBF24BC9BB1006F9ABD /* NotificareConfiguration.swift */,
				F23E3C3224D8267000044574 /* NotificareDelegate.swift */,
				42A20228EB70EA83D835BF01 /* NotificareError.swift */,
				F258DE4C24BC6C8B006F9ABD /* NotificareLogger.swift */,
				F2EF110524C9CFA3001A81CE /* NotificareEnvironment.swift */,
				42A20C13B79FEEC5DD556468 /* NotificareDeviceManager.swift */,
				42A205CDE4BE2BC47AC79362 /* NotificareLaunchManager.swift */,
				42A20BF674CDFC918EC172AF /* NotificareLocalStorage.swift */,
				42A20A9FA4D4D339568EBD79 /* NotificareConstants.swift */,
				F225B9FA24E58F0D00768999 /* NotificareEventLogger.swift */,
				F26718F825017DD600B70A40 /* NotificareCoreData.xcdatamodeld */,
			);
			path = Sources;
			sourceTree = "<group>";
		};
		F258DD5924BC4DBC006F9ABD /* Tests */ = {
			isa = PBXGroup;
			children = (
				F258DD5A24BC4DBC006F9ABD /* CoreTests.swift */,
				F258DD5C24BC4DBC006F9ABD /* Info.plist */,
			);
			path = Tests;
			sourceTree = "<group>";
		};
		F258DE4524BC699A006F9ABD /* Modules */ = {
			isa = PBXGroup;
			children = (
				F258DE4624BC69A9006F9ABD /* NotificarePushManager.swift */,
				F258DE4824BC69C1006F9ABD /* NotificareLocationManager.swift */,
			);
			path = Modules;
			sourceTree = "<group>";
		};
		F29DA37F25022154004CCB8F /* CoreData */ = {
			isa = PBXGroup;
			children = (
				F29DA38025022170004CCB8F /* NotificareCoreDataManager.swift */,
				F29DA38225024753004CCB8F /* NotificareEvent+CoreData.swift */,
			);
			path = CoreData;
			sourceTree = "<group>";
		};
/* End PBXGroup section */

/* Begin PBXHeadersBuildPhase section */
		F258DD4724BC4DBB006F9ABD /* Headers */ = {
			isa = PBXHeadersBuildPhase;
			buildActionMask = 2147483647;
			files = (
				F258DD5D24BC4DBC006F9ABD /* Notificare.h in Headers */,
				42A201A3F80D5668FF5D6759 /* NotificareBootstrap.h in Headers */,
			);
			runOnlyForDeploymentPostprocessing = 0;
		};
/* End PBXHeadersBuildPhase section */

/* Begin PBXNativeTarget section */
		F258DD4B24BC4DBB006F9ABD /* NotificareSDK */ = {
			isa = PBXNativeTarget;
			buildConfigurationList = F258DD6024BC4DBC006F9ABD /* Build configuration list for PBXNativeTarget "NotificareSDK" */;
			buildPhases = (
				F258DD4724BC4DBB006F9ABD /* Headers */,
				F258DD4824BC4DBB006F9ABD /* Sources */,
				F258DD4924BC4DBB006F9ABD /* Frameworks */,
				F258DD4A24BC4DBB006F9ABD /* Resources */,
				F27C0453251E2F4200C7D8BA /* ShellScript */,
				F27C043C251E03C400C7D8BA /* ShellScript */,
			);
			buildRules = (
			);
			dependencies = (
			);
			name = NotificareSDK;
			productName = Core;
			productReference = F258DD4C24BC4DBB006F9ABD /* NotificareSDK.framework */;
			productType = "com.apple.product-type.framework";
		};
		F258DD5424BC4DBC006F9ABD /* NotificareSDKTests */ = {
			isa = PBXNativeTarget;
			buildConfigurationList = F258DD6324BC4DBC006F9ABD /* Build configuration list for PBXNativeTarget "NotificareSDKTests" */;
			buildPhases = (
				F258DD5124BC4DBC006F9ABD /* Sources */,
				F258DD5224BC4DBC006F9ABD /* Frameworks */,
				F258DD5324BC4DBC006F9ABD /* Resources */,
			);
			buildRules = (
			);
			dependencies = (
				F258DD5824BC4DBC006F9ABD /* PBXTargetDependency */,
			);
			name = NotificareSDKTests;
			productName = CoreTests;
			productReference = F258DD5524BC4DBC006F9ABD /* NotificareSDKTests.xctest */;
			productType = "com.apple.product-type.bundle.unit-test";
		};
/* End PBXNativeTarget section */

/* Begin PBXProject section */
		F258DD4324BC4DBB006F9ABD /* Project object */ = {
			isa = PBXProject;
			attributes = {
				LastSwiftUpdateCheck = 1150;
				LastUpgradeCheck = 1200;
				ORGANIZATIONNAME = Notificare;
				TargetAttributes = {
					F258DD4B24BC4DBB006F9ABD = {
						CreatedOnToolsVersion = 11.5;
						LastSwiftMigration = 1150;
					};
					F258DD5424BC4DBC006F9ABD = {
						CreatedOnToolsVersion = 11.5;
					};
				};
			};
			buildConfigurationList = F258DD4624BC4DBB006F9ABD /* Build configuration list for PBXProject "NotificareSDK" */;
			compatibilityVersion = "Xcode 9.3";
			developmentRegion = en;
			hasScannedForEncodings = 0;
			knownRegions = (
				en,
				Base,
			);
			mainGroup = F258DD4224BC4DBB006F9ABD;
			productRefGroup = F258DD4D24BC4DBB006F9ABD /* Products */;
			projectDirPath = "";
			projectRoot = "";
			targets = (
				F258DD4B24BC4DBB006F9ABD /* NotificareSDK */,
				F258DD5424BC4DBC006F9ABD /* NotificareSDKTests */,
			);
		};
/* End PBXProject section */

/* Begin PBXResourcesBuildPhase section */
		F258DD4A24BC4DBB006F9ABD /* Resources */ = {
			isa = PBXResourcesBuildPhase;
			buildActionMask = 2147483647;
			files = (
			);
			runOnlyForDeploymentPostprocessing = 0;
		};
		F258DD5324BC4DBC006F9ABD /* Resources */ = {
			isa = PBXResourcesBuildPhase;
			buildActionMask = 2147483647;
			files = (
			);
			runOnlyForDeploymentPostprocessing = 0;
		};
/* End PBXResourcesBuildPhase section */

/* Begin PBXShellScriptBuildPhase section */
		F27C043C251E03C400C7D8BA /* ShellScript */ = {
			isa = PBXShellScriptBuildPhase;
			buildActionMask = 2147483647;
			files = (
			);
			inputFileListPaths = (
			);
			inputPaths = (
			);
			outputFileListPaths = (
			);
			outputPaths = (
			);
			runOnlyForDeploymentPostprocessing = 0;
			shellPath = /bin/sh;
			shellScript = "if which swiftlint >/dev/null; then\n    swiftlint --config ../.swiftlint.yml\nelse\n    echo \"warning: SwiftLint not installed, download from https://github.com/realm/SwiftLint\"\nfi\n";
		};
		F27C0453251E2F4200C7D8BA /* ShellScript */ = {
			isa = PBXShellScriptBuildPhase;
			buildActionMask = 2147483647;
			files = (
			);
			inputFileListPaths = (
			);
			inputPaths = (
			);
			outputFileListPaths = (
			);
			outputPaths = (
			);
			runOnlyForDeploymentPostprocessing = 0;
			shellPath = /bin/sh;
			shellScript = "if which swiftformat >/dev/null; then\n  echo \"$(pwd)\"\n  swiftformat .\nelse\n  echo \"warning: SwiftFormat not installed, download from https://github.com/nicklockwood/SwiftFormat\"\nfi\n";
		};
/* End PBXShellScriptBuildPhase section */

/* Begin PBXSourcesBuildPhase section */
		F258DD4824BC4DBB006F9ABD /* Sources */ = {
			isa = PBXSourcesBuildPhase;
			buildActionMask = 2147483647;
			files = (
				F258DE4924BC69C1006F9ABD /* NotificareLocationManager.swift in Sources */,
				F258DEC024BC9BB1006F9ABD /* NotificareConfiguration.swift in Sources */,
				F258DE4424BC68CB006F9ABD /* Notificare.swift in Sources */,
				F258DE4D24BC6C8B006F9ABD /* NotificareLogger.swift in Sources */,
				F258DE4724BC69A9006F9ABD /* NotificarePushManager.swift in Sources */,
				42A2011DB7750225B7C9D3E2 /* NotificareBootstrap.m in Sources */,
				42A200BD7785C894011591B1 /* NotificareUtils.swift in Sources */,
				F29DA38125022170004CCB8F /* NotificareCoreDataManager.swift in Sources */,
				42A209C4A8C4D6819B57EE4F /* NotificareModuleFactory.swift in Sources */,
				F2EF110624C9CFA3001A81CE /* NotificareEnvironment.swift in Sources */,
				F23E3C3324D8267000044574 /* NotificareDelegate.swift in Sources */,
				F225B9FB24E58F0D00768999 /* NotificareEventLogger.swift in Sources */,
				42A20AADCFB1A2AF5D9703F7 /* NotificarePushApi.swift in Sources */,
				42A20FD7791BD275D8A3A0E5 /* NotificareError.swift in Sources */,
				42A206B0B1787BBC3D1A757C /* NotificareApplicationInfo.swift in Sources */,
				42A2050889DA97185320D45B /* NotificareNotificationType.swift in Sources */,
				42A2079D2C53AC4E350DCF4E /* NotificareUserDataFieldType.swift in Sources */,
				F26718FA25017DD600B70A40 /* NotificareCoreData.xcdatamodeld in Sources */,
				42A20D3C5FEB5D3146FE5523 /* NotificareNotificationAction.swift in Sources */,
				42A20B6537AFE9B92385C5CF /* ApplicationInfoResponse.swift in Sources */,
				42A200E1AA00A24253665C63 /* URLSession+Retry.swift in Sources */,
				42A204DF76302D72690E9F7A /* NotificareNetworkError.swift in Sources */,
				42A205F5C611FAF8746A4ADA /* URLRequest+Authentication.swift in Sources */,
				42A20F5A817E461AD741CEF0 /* NotificareAutoLauncher.swift in Sources */,
				42A20389A56033CA45A7973B /* NotificareSwizzler.swift in Sources */,
				F29DA38325024753004CCB8F /* NotificareEvent+CoreData.swift in Sources */,
				42A20A8202602F357473A0EC /* DeviceTagsResponse.swift in Sources */,
				42A20DA506BCDC4A7B8ACEAA /* NotificareDeviceManager.swift in Sources */,
				42A209FC9756E9EE16BF5B22 /* NotificareLaunchManager.swift in Sources */,
				42A20A7693D14ADAE3CE5FAF /* Data+Hex.swift in Sources */,
				42A207D529B7F7770917822D /* NotificareDevice.swift in Sources */,
				42A20CAE308280FC80D81C29 /* NotificareDeviceRegistration.swift in Sources */,
				42A20777ACAC0550ED64C541 /* NotificareDeviceUpdateNotificationSettings.swift in Sources */,
				42A20CCB8A76FCFAD9A70759 /* NotificareDeviceUpdateLocation.swift in Sources */,
				42A20DF7449245801169DBFC /* NotificareDeviceUpdateTimezone.swift in Sources */,
				42A20521F6E8138CF5F92453 /* NotificareDeviceUpdateLanguage.swift in Sources */,
				F26718F0250157C200B70A40 /* NotificareEvent.swift in Sources */,
				42A20854525B27A0B50E4239 /* NotificareDeviceUpdateBackgroundAppRefresh.swift in Sources */,
				42A201D0C1EC33CE1EF188A4 /* NotificareDeviceUpdateBluetoothState.swift in Sources */,
				42A20A80F9760507F22AFC69 /* NotificareDeviceDnD.swift in Sources */,
				42A2081F8D099BF50C87B29E /* NotificareLocalStorage.swift in Sources */,
				42A20AADA1819A301F7A6FFF /* NotificareConstants.swift in Sources */,
				42A20A18C4B0AD218F0B7E70 /* NotificareTransport.swift in Sources */,
				42A2062417BCBBA871B9934D /* NotificareAppDelegateInterceptor.swift in Sources */,
				42A20C4420B6F4CD82C845D0 /* JSONValue.swift in Sources */,
			);
			runOnlyForDeploymentPostprocessing = 0;
		};
		F258DD5124BC4DBC006F9ABD /* Sources */ = {
			isa = PBXSourcesBuildPhase;
			buildActionMask = 2147483647;
			files = (
				F258DD5B24BC4DBC006F9ABD /* CoreTests.swift in Sources */,
			);
			runOnlyForDeploymentPostprocessing = 0;
		};
/* End PBXSourcesBuildPhase section */

/* Begin PBXTargetDependency section */
		F258DD5824BC4DBC006F9ABD /* PBXTargetDependency */ = {
			isa = PBXTargetDependency;
			target = F258DD4B24BC4DBB006F9ABD /* NotificareSDK */;
			targetProxy = F258DD5724BC4DBC006F9ABD /* PBXContainerItemProxy */;
		};
/* End PBXTargetDependency section */

/* Begin XCBuildConfiguration section */
		F258DD5E24BC4DBC006F9ABD /* Debug */ = {
			isa = XCBuildConfiguration;
			buildSettings = {
				ALWAYS_SEARCH_USER_PATHS = NO;
				CLANG_ANALYZER_NONNULL = YES;
				CLANG_ANALYZER_NUMBER_OBJECT_CONVERSION = YES_AGGRESSIVE;
				CLANG_CXX_LANGUAGE_STANDARD = "gnu++14";
				CLANG_CXX_LIBRARY = "libc++";
				CLANG_ENABLE_MODULES = YES;
				CLANG_ENABLE_OBJC_ARC = YES;
				CLANG_ENABLE_OBJC_WEAK = YES;
				CLANG_WARN_BLOCK_CAPTURE_AUTORELEASING = YES;
				CLANG_WARN_BOOL_CONVERSION = YES;
				CLANG_WARN_COMMA = YES;
				CLANG_WARN_CONSTANT_CONVERSION = YES;
				CLANG_WARN_DEPRECATED_OBJC_IMPLEMENTATIONS = YES;
				CLANG_WARN_DIRECT_OBJC_ISA_USAGE = YES_ERROR;
				CLANG_WARN_DOCUMENTATION_COMMENTS = YES;
				CLANG_WARN_EMPTY_BODY = YES;
				CLANG_WARN_ENUM_CONVERSION = YES;
				CLANG_WARN_INFINITE_RECURSION = YES;
				CLANG_WARN_INT_CONVERSION = YES;
				CLANG_WARN_NON_LITERAL_NULL_CONVERSION = YES;
				CLANG_WARN_OBJC_IMPLICIT_RETAIN_SELF = YES;
				CLANG_WARN_OBJC_LITERAL_CONVERSION = YES;
				CLANG_WARN_OBJC_ROOT_CLASS = YES_ERROR;
				CLANG_WARN_QUOTED_INCLUDE_IN_FRAMEWORK_HEADER = YES;
				CLANG_WARN_RANGE_LOOP_ANALYSIS = YES;
				CLANG_WARN_STRICT_PROTOTYPES = YES;
				CLANG_WARN_SUSPICIOUS_MOVE = YES;
				CLANG_WARN_UNGUARDED_AVAILABILITY = YES_AGGRESSIVE;
				CLANG_WARN_UNREACHABLE_CODE = YES;
				CLANG_WARN__DUPLICATE_METHOD_MATCH = YES;
				COPY_PHASE_STRIP = NO;
				CURRENT_PROJECT_VERSION = 1;
				DEBUG_INFORMATION_FORMAT = dwarf;
				ENABLE_STRICT_OBJC_MSGSEND = YES;
				ENABLE_TESTABILITY = YES;
				GCC_C_LANGUAGE_STANDARD = gnu11;
				GCC_DYNAMIC_NO_PIC = NO;
				GCC_NO_COMMON_BLOCKS = YES;
				GCC_OPTIMIZATION_LEVEL = 0;
				GCC_PREPROCESSOR_DEFINITIONS = (
					"DEBUG=1",
					"$(inherited)",
				);
				GCC_WARN_64_TO_32_BIT_CONVERSION = YES;
				GCC_WARN_ABOUT_RETURN_TYPE = YES_ERROR;
				GCC_WARN_UNDECLARED_SELECTOR = YES;
				GCC_WARN_UNINITIALIZED_AUTOS = YES_AGGRESSIVE;
				GCC_WARN_UNUSED_FUNCTION = YES;
				GCC_WARN_UNUSED_VARIABLE = YES;
				IPHONEOS_DEPLOYMENT_TARGET = 10.0;
				MTL_ENABLE_DEBUG_INFO = INCLUDE_SOURCE;
				MTL_FAST_MATH = YES;
				ONLY_ACTIVE_ARCH = YES;
				SDKROOT = iphoneos;
				SWIFT_ACTIVE_COMPILATION_CONDITIONS = DEBUG;
				SWIFT_OPTIMIZATION_LEVEL = "-Onone";
				VERSIONING_SYSTEM = "apple-generic";
				VERSION_INFO_PREFIX = "";
			};
			name = Debug;
		};
		F258DD5F24BC4DBC006F9ABD /* Release */ = {
			isa = XCBuildConfiguration;
			buildSettings = {
				ALWAYS_SEARCH_USER_PATHS = NO;
				CLANG_ANALYZER_NONNULL = YES;
				CLANG_ANALYZER_NUMBER_OBJECT_CONVERSION = YES_AGGRESSIVE;
				CLANG_CXX_LANGUAGE_STANDARD = "gnu++14";
				CLANG_CXX_LIBRARY = "libc++";
				CLANG_ENABLE_MODULES = YES;
				CLANG_ENABLE_OBJC_ARC = YES;
				CLANG_ENABLE_OBJC_WEAK = YES;
				CLANG_WARN_BLOCK_CAPTURE_AUTORELEASING = YES;
				CLANG_WARN_BOOL_CONVERSION = YES;
				CLANG_WARN_COMMA = YES;
				CLANG_WARN_CONSTANT_CONVERSION = YES;
				CLANG_WARN_DEPRECATED_OBJC_IMPLEMENTATIONS = YES;
				CLANG_WARN_DIRECT_OBJC_ISA_USAGE = YES_ERROR;
				CLANG_WARN_DOCUMENTATION_COMMENTS = YES;
				CLANG_WARN_EMPTY_BODY = YES;
				CLANG_WARN_ENUM_CONVERSION = YES;
				CLANG_WARN_INFINITE_RECURSION = YES;
				CLANG_WARN_INT_CONVERSION = YES;
				CLANG_WARN_NON_LITERAL_NULL_CONVERSION = YES;
				CLANG_WARN_OBJC_IMPLICIT_RETAIN_SELF = YES;
				CLANG_WARN_OBJC_LITERAL_CONVERSION = YES;
				CLANG_WARN_OBJC_ROOT_CLASS = YES_ERROR;
				CLANG_WARN_QUOTED_INCLUDE_IN_FRAMEWORK_HEADER = YES;
				CLANG_WARN_RANGE_LOOP_ANALYSIS = YES;
				CLANG_WARN_STRICT_PROTOTYPES = YES;
				CLANG_WARN_SUSPICIOUS_MOVE = YES;
				CLANG_WARN_UNGUARDED_AVAILABILITY = YES_AGGRESSIVE;
				CLANG_WARN_UNREACHABLE_CODE = YES;
				CLANG_WARN__DUPLICATE_METHOD_MATCH = YES;
				COPY_PHASE_STRIP = NO;
				CURRENT_PROJECT_VERSION = 1;
				DEBUG_INFORMATION_FORMAT = "dwarf-with-dsym";
				ENABLE_NS_ASSERTIONS = NO;
				ENABLE_STRICT_OBJC_MSGSEND = YES;
				GCC_C_LANGUAGE_STANDARD = gnu11;
				GCC_NO_COMMON_BLOCKS = YES;
				GCC_WARN_64_TO_32_BIT_CONVERSION = YES;
				GCC_WARN_ABOUT_RETURN_TYPE = YES_ERROR;
				GCC_WARN_UNDECLARED_SELECTOR = YES;
				GCC_WARN_UNINITIALIZED_AUTOS = YES_AGGRESSIVE;
				GCC_WARN_UNUSED_FUNCTION = YES;
				GCC_WARN_UNUSED_VARIABLE = YES;
				IPHONEOS_DEPLOYMENT_TARGET = 10.0;
				MTL_ENABLE_DEBUG_INFO = NO;
				MTL_FAST_MATH = YES;
				SDKROOT = iphoneos;
				SWIFT_COMPILATION_MODE = wholemodule;
				SWIFT_OPTIMIZATION_LEVEL = "-O";
				VALIDATE_PRODUCT = YES;
				VERSIONING_SYSTEM = "apple-generic";
				VERSION_INFO_PREFIX = "";
			};
			name = Release;
		};
		F258DD6124BC4DBC006F9ABD /* Debug */ = {
			isa = XCBuildConfiguration;
			buildSettings = {
				CLANG_ENABLE_MODULES = YES;
				CODE_SIGN_IDENTITY = "Apple Development";
				CODE_SIGN_STYLE = Automatic;
				DEFINES_MODULE = YES;
				DEVELOPMENT_TEAM = E3J9DDFVP4;
				DYLIB_COMPATIBILITY_VERSION = 1;
				DYLIB_CURRENT_VERSION = 1;
				DYLIB_INSTALL_NAME_BASE = "@rpath";
				INFOPLIST_FILE = Sources/Info.plist;
				INSTALL_PATH = "$(LOCAL_LIBRARY_DIR)/Frameworks";
				IPHONEOS_DEPLOYMENT_TARGET = 10.0;
				LD_RUNPATH_SEARCH_PATHS = (
					"$(inherited)",
					"@executable_path/Frameworks",
					"@loader_path/Frameworks",
				);
				MARKETING_VERSION = 3.0.0;
				PRODUCT_BUNDLE_IDENTIFIER = re.notifica.core;
				PRODUCT_NAME = "$(TARGET_NAME:c99extidentifier)";
				SKIP_INSTALL = YES;
				SUPPORTS_MACCATALYST = NO;
				SWIFT_OPTIMIZATION_LEVEL = "-Onone";
				SWIFT_VERSION = 5.0;
				TARGETED_DEVICE_FAMILY = "1,2";
			};
			name = Debug;
		};
		F258DD6224BC4DBC006F9ABD /* Release */ = {
			isa = XCBuildConfiguration;
			buildSettings = {
				CLANG_ENABLE_MODULES = YES;
				CODE_SIGN_IDENTITY = "Apple Development";
				CODE_SIGN_STYLE = Automatic;
				DEFINES_MODULE = YES;
				DEVELOPMENT_TEAM = E3J9DDFVP4;
				DYLIB_COMPATIBILITY_VERSION = 1;
				DYLIB_CURRENT_VERSION = 1;
				DYLIB_INSTALL_NAME_BASE = "@rpath";
				INFOPLIST_FILE = Sources/Info.plist;
				INSTALL_PATH = "$(LOCAL_LIBRARY_DIR)/Frameworks";
				IPHONEOS_DEPLOYMENT_TARGET = 10.0;
				LD_RUNPATH_SEARCH_PATHS = (
					"$(inherited)",
					"@executable_path/Frameworks",
					"@loader_path/Frameworks",
				);
				MARKETING_VERSION = 3.0.0;
				PRODUCT_BUNDLE_IDENTIFIER = re.notifica.core;
				PRODUCT_NAME = "$(TARGET_NAME:c99extidentifier)";
				SKIP_INSTALL = YES;
				SUPPORTS_MACCATALYST = NO;
				SWIFT_VERSION = 5.0;
				TARGETED_DEVICE_FAMILY = "1,2";
			};
			name = Release;
		};
		F258DD6424BC4DBC006F9ABD /* Debug */ = {
			isa = XCBuildConfiguration;
			buildSettings = {
				ALWAYS_EMBED_SWIFT_STANDARD_LIBRARIES = YES;
				CODE_SIGN_STYLE = Automatic;
				DEVELOPMENT_TEAM = Y47BY73NFN;
				INFOPLIST_FILE = Tests/Info.plist;
				LD_RUNPATH_SEARCH_PATHS = (
					"$(inherited)",
					"@executable_path/Frameworks",
					"@loader_path/Frameworks",
				);
				PRODUCT_BUNDLE_IDENTIFIER = re.notifica.CoreTests;
				PRODUCT_NAME = "$(TARGET_NAME)";
				SWIFT_VERSION = 5.0;
				TARGETED_DEVICE_FAMILY = "1,2";
			};
			name = Debug;
		};
		F258DD6524BC4DBC006F9ABD /* Release */ = {
			isa = XCBuildConfiguration;
			buildSettings = {
				ALWAYS_EMBED_SWIFT_STANDARD_LIBRARIES = YES;
				CODE_SIGN_STYLE = Automatic;
				DEVELOPMENT_TEAM = Y47BY73NFN;
				INFOPLIST_FILE = Tests/Info.plist;
				LD_RUNPATH_SEARCH_PATHS = (
					"$(inherited)",
					"@executable_path/Frameworks",
					"@loader_path/Frameworks",
				);
				PRODUCT_BUNDLE_IDENTIFIER = re.notifica.CoreTests;
				PRODUCT_NAME = "$(TARGET_NAME)";
				SWIFT_VERSION = 5.0;
				TARGETED_DEVICE_FAMILY = "1,2";
			};
			name = Release;
		};
/* End XCBuildConfiguration section */

/* Begin XCConfigurationList section */
		F258DD4624BC4DBB006F9ABD /* Build configuration list for PBXProject "NotificareSDK" */ = {
			isa = XCConfigurationList;
			buildConfigurations = (
				F258DD5E24BC4DBC006F9ABD /* Debug */,
				F258DD5F24BC4DBC006F9ABD /* Release */,
			);
			defaultConfigurationIsVisible = 0;
			defaultConfigurationName = Release;
		};
		F258DD6024BC4DBC006F9ABD /* Build configuration list for PBXNativeTarget "NotificareSDK" */ = {
			isa = XCConfigurationList;
			buildConfigurations = (
				F258DD6124BC4DBC006F9ABD /* Debug */,
				F258DD6224BC4DBC006F9ABD /* Release */,
			);
			defaultConfigurationIsVisible = 0;
			defaultConfigurationName = Release;
		};
		F258DD6324BC4DBC006F9ABD /* Build configuration list for PBXNativeTarget "NotificareSDKTests" */ = {
			isa = XCConfigurationList;
			buildConfigurations = (
				F258DD6424BC4DBC006F9ABD /* Debug */,
				F258DD6524BC4DBC006F9ABD /* Release */,
			);
			defaultConfigurationIsVisible = 0;
			defaultConfigurationName = Release;
		};
/* End XCConfigurationList section */

/* Begin XCVersionGroup section */
		F26718F825017DD600B70A40 /* NotificareCoreData.xcdatamodeld */ = {
			isa = XCVersionGroup;
			children = (
				F26718F925017DD600B70A40 /* NotificareCoreData.xcdatamodel */,
			);
			currentVersion = F26718F925017DD600B70A40 /* NotificareCoreData.xcdatamodel */;
			path = NotificareCoreData.xcdatamodeld;
			sourceTree = "<group>";
			versionGroupType = wrapper.xcdatamodel;
		};
/* End XCVersionGroup section */
	};
	rootObject = F258DD4324BC4DBB006F9ABD /* Project object */;
}
